
Microsoft Visual Studio Solution File, Format Version 12.00
# Visual Studio Version 16
VisualStudioVersion = 16.0.28714.193
MinimumVisualStudioVersion = 10.0.40219.1
Project("{2150E333-8FDC-42A3-9474-1A3956D46DE8}") = "Lib", "Lib", "{80FD2672-3557-48BD-BA73-3952E2D57B22}"
EndProject
Project("{2150E333-8FDC-42A3-9474-1A3956D46DE8}") = "Tests", "Tests", "{F1B29462-75DC-4226-8333-CABECAE02934}"
EndProject
Project("{2150E333-8FDC-42A3-9474-1A3956D46DE8}") = "SolutionItems", "SolutionItems", "{10581989-9112-4BA6-8C4F-F2A2F1B8B1B5}"
	ProjectSection(SolutionItems) = preProject
		AUTHORS.md = AUTHORS.md
		Changelog.md = Changelog.md
		coding_style.md = coding_style.md
		CONTRIBUTING.md = CONTRIBUTING.md
		.github\ISSUE_TEMPLATE.md = .github\ISSUE_TEMPLATE.md
		LICENSE.md = LICENSE.md
		PublishRelease.txt = PublishRelease.txt
		README.md = README.md
		Source\Lib\Trakt.NET\Trakt.NET.nuspec = Source\Lib\Trakt.NET\Trakt.NET.nuspec
	EndProjectSection
EndProject
Project("{9A19103F-16F7-4668-BE54-9A1E7A4F7556}") = "Trakt.NET", "Source\Lib\Trakt.NET\Trakt.NET.csproj", "{10F945DA-7196-493A-990C-DEE34B23F575}"
EndProject
Project("{9A19103F-16F7-4668-BE54-9A1E7A4F7556}") = "Trakt.NET.Tests", "Source\Tests\Trakt.NET.Tests\Trakt.NET.Tests.csproj", "{1320D3F8-47CC-49F2-B1AE-2F9C06F85368}"
EndProject
Project("{FAE04EC0-301F-11D3-BF4B-00C04F79EFBC}") = "TraktNET.Test.Utility", "Source\Tests\TraktNET.Test.Utility\TraktNET.Test.Utility.csproj", "{F03EA9C2-6842-46A1-8372-CAF5F37FC60B}"
EndProject
Project("{FAE04EC0-301F-11D3-BF4B-00C04F79EFBC}") = "TraktNET.Core.Tests", "Source\Tests\TraktNET.Core.Tests\TraktNET.Core.Tests.csproj", "{B8E40E93-CEAF-475C-A129-B6871E6656EF}"
EndProject
Project("{FAE04EC0-301F-11D3-BF4B-00C04F79EFBC}") = "TraktNET.Modules.Tests", "Source\Tests\TraktNET.Modules.Tests\TraktNET.Modules.Tests.csproj", "{1B9EEBB6-5272-48D3-95AB-9C8949FB05C2}"
EndProject
Project("{FAE04EC0-301F-11D3-BF4B-00C04F79EFBC}") = "TraktNET.Objects.Tests", "Source\Tests\TraktNET.Objects.Tests\TraktNET.Objects.Tests.csproj", "{1EE2D1E3-A66D-45B9-A7B4-18BEF5B93064}"
EndProject
Project("{FAE04EC0-301F-11D3-BF4B-00C04F79EFBC}") = "TraktNET.Requests.Tests", "Source\Tests\TraktNET.Requests.Tests\TraktNET.Requests.Tests.csproj", "{7DB67087-5A02-4A55-A15C-EF54E974D2D2}"
EndProject
Global
	GlobalSection(SolutionConfigurationPlatforms) = preSolution
		Debug|Any CPU = Debug|Any CPU
		Debug|ARM = Debug|ARM
		Debug|x64 = Debug|x64
		Debug|x86 = Debug|x86
		Release|Any CPU = Release|Any CPU
		Release|ARM = Release|ARM
		Release|x64 = Release|x64
		Release|x86 = Release|x86
	EndGlobalSection
	GlobalSection(ProjectConfigurationPlatforms) = postSolution
		{10F945DA-7196-493A-990C-DEE34B23F575}.Debug|Any CPU.ActiveCfg = Debug|Any CPU
		{10F945DA-7196-493A-990C-DEE34B23F575}.Debug|Any CPU.Build.0 = Debug|Any CPU
		{10F945DA-7196-493A-990C-DEE34B23F575}.Debug|ARM.ActiveCfg = Debug|Any CPU
		{10F945DA-7196-493A-990C-DEE34B23F575}.Debug|ARM.Build.0 = Debug|Any CPU
		{10F945DA-7196-493A-990C-DEE34B23F575}.Debug|x64.ActiveCfg = Debug|Any CPU
		{10F945DA-7196-493A-990C-DEE34B23F575}.Debug|x64.Build.0 = Debug|Any CPU
		{10F945DA-7196-493A-990C-DEE34B23F575}.Debug|x86.ActiveCfg = Debug|Any CPU
		{10F945DA-7196-493A-990C-DEE34B23F575}.Debug|x86.Build.0 = Debug|Any CPU
		{10F945DA-7196-493A-990C-DEE34B23F575}.Release|Any CPU.ActiveCfg = Release|Any CPU
		{10F945DA-7196-493A-990C-DEE34B23F575}.Release|Any CPU.Build.0 = Release|Any CPU
		{10F945DA-7196-493A-990C-DEE34B23F575}.Release|ARM.ActiveCfg = Release|Any CPU
		{10F945DA-7196-493A-990C-DEE34B23F575}.Release|ARM.Build.0 = Release|Any CPU
		{10F945DA-7196-493A-990C-DEE34B23F575}.Release|x64.ActiveCfg = Release|Any CPU
		{10F945DA-7196-493A-990C-DEE34B23F575}.Release|x64.Build.0 = Release|Any CPU
		{10F945DA-7196-493A-990C-DEE34B23F575}.Release|x86.ActiveCfg = Release|Any CPU
		{10F945DA-7196-493A-990C-DEE34B23F575}.Release|x86.Build.0 = Release|Any CPU
		{1320D3F8-47CC-49F2-B1AE-2F9C06F85368}.Debug|Any CPU.ActiveCfg = Debug|Any CPU
		{1320D3F8-47CC-49F2-B1AE-2F9C06F85368}.Debug|Any CPU.Build.0 = Debug|Any CPU
		{1320D3F8-47CC-49F2-B1AE-2F9C06F85368}.Debug|ARM.ActiveCfg = Debug|Any CPU
		{1320D3F8-47CC-49F2-B1AE-2F9C06F85368}.Debug|ARM.Build.0 = Debug|Any CPU
		{1320D3F8-47CC-49F2-B1AE-2F9C06F85368}.Debug|x64.ActiveCfg = Debug|Any CPU
		{1320D3F8-47CC-49F2-B1AE-2F9C06F85368}.Debug|x64.Build.0 = Debug|Any CPU
		{1320D3F8-47CC-49F2-B1AE-2F9C06F85368}.Debug|x86.ActiveCfg = Debug|Any CPU
		{1320D3F8-47CC-49F2-B1AE-2F9C06F85368}.Debug|x86.Build.0 = Debug|Any CPU
		{1320D3F8-47CC-49F2-B1AE-2F9C06F85368}.Release|Any CPU.ActiveCfg = Release|Any CPU
		{1320D3F8-47CC-49F2-B1AE-2F9C06F85368}.Release|Any CPU.Build.0 = Release|Any CPU
		{1320D3F8-47CC-49F2-B1AE-2F9C06F85368}.Release|ARM.ActiveCfg = Release|Any CPU
		{1320D3F8-47CC-49F2-B1AE-2F9C06F85368}.Release|ARM.Build.0 = Release|Any CPU
		{1320D3F8-47CC-49F2-B1AE-2F9C06F85368}.Release|x64.ActiveCfg = Release|Any CPU
		{1320D3F8-47CC-49F2-B1AE-2F9C06F85368}.Release|x64.Build.0 = Release|Any CPU
		{1320D3F8-47CC-49F2-B1AE-2F9C06F85368}.Release|x86.ActiveCfg = Release|Any CPU
		{1320D3F8-47CC-49F2-B1AE-2F9C06F85368}.Release|x86.Build.0 = Release|Any CPU
		{F03EA9C2-6842-46A1-8372-CAF5F37FC60B}.Debug|Any CPU.ActiveCfg = Debug|Any CPU
		{F03EA9C2-6842-46A1-8372-CAF5F37FC60B}.Debug|Any CPU.Build.0 = Debug|Any CPU
		{F03EA9C2-6842-46A1-8372-CAF5F37FC60B}.Debug|ARM.ActiveCfg = Debug|Any CPU
		{F03EA9C2-6842-46A1-8372-CAF5F37FC60B}.Debug|ARM.Build.0 = Debug|Any CPU
		{F03EA9C2-6842-46A1-8372-CAF5F37FC60B}.Debug|x64.ActiveCfg = Debug|Any CPU
		{F03EA9C2-6842-46A1-8372-CAF5F37FC60B}.Debug|x64.Build.0 = Debug|Any CPU
		{F03EA9C2-6842-46A1-8372-CAF5F37FC60B}.Debug|x86.ActiveCfg = Debug|Any CPU
		{F03EA9C2-6842-46A1-8372-CAF5F37FC60B}.Debug|x86.Build.0 = Debug|Any CPU
		{F03EA9C2-6842-46A1-8372-CAF5F37FC60B}.Release|Any CPU.ActiveCfg = Release|Any CPU
		{F03EA9C2-6842-46A1-8372-CAF5F37FC60B}.Release|Any CPU.Build.0 = Release|Any CPU
		{F03EA9C2-6842-46A1-8372-CAF5F37FC60B}.Release|ARM.ActiveCfg = Release|Any CPU
		{F03EA9C2-6842-46A1-8372-CAF5F37FC60B}.Release|ARM.Build.0 = Release|Any CPU
		{F03EA9C2-6842-46A1-8372-CAF5F37FC60B}.Release|x64.ActiveCfg = Release|Any CPU
		{F03EA9C2-6842-46A1-8372-CAF5F37FC60B}.Release|x64.Build.0 = Release|Any CPU
		{F03EA9C2-6842-46A1-8372-CAF5F37FC60B}.Release|x86.ActiveCfg = Release|Any CPU
		{F03EA9C2-6842-46A1-8372-CAF5F37FC60B}.Release|x86.Build.0 = Release|Any CPU
		{B8E40E93-CEAF-475C-A129-B6871E6656EF}.Debug|Any CPU.ActiveCfg = Debug|Any CPU
		{B8E40E93-CEAF-475C-A129-B6871E6656EF}.Debug|Any CPU.Build.0 = Debug|Any CPU
		{B8E40E93-CEAF-475C-A129-B6871E6656EF}.Debug|ARM.ActiveCfg = Debug|Any CPU
		{B8E40E93-CEAF-475C-A129-B6871E6656EF}.Debug|ARM.Build.0 = Debug|Any CPU
		{B8E40E93-CEAF-475C-A129-B6871E6656EF}.Debug|x64.ActiveCfg = Debug|Any CPU
		{B8E40E93-CEAF-475C-A129-B6871E6656EF}.Debug|x64.Build.0 = Debug|Any CPU
		{B8E40E93-CEAF-475C-A129-B6871E6656EF}.Debug|x86.ActiveCfg = Debug|Any CPU
		{B8E40E93-CEAF-475C-A129-B6871E6656EF}.Debug|x86.Build.0 = Debug|Any CPU
		{B8E40E93-CEAF-475C-A129-B6871E6656EF}.Release|Any CPU.ActiveCfg = Release|Any CPU
		{B8E40E93-CEAF-475C-A129-B6871E6656EF}.Release|Any CPU.Build.0 = Release|Any CPU
		{B8E40E93-CEAF-475C-A129-B6871E6656EF}.Release|ARM.ActiveCfg = Release|Any CPU
		{B8E40E93-CEAF-475C-A129-B6871E6656EF}.Release|ARM.Build.0 = Release|Any CPU
		{B8E40E93-CEAF-475C-A129-B6871E6656EF}.Release|x64.ActiveCfg = Release|Any CPU
		{B8E40E93-CEAF-475C-A129-B6871E6656EF}.Release|x64.Build.0 = Release|Any CPU
		{B8E40E93-CEAF-475C-A129-B6871E6656EF}.Release|x86.ActiveCfg = Release|Any CPU
		{B8E40E93-CEAF-475C-A129-B6871E6656EF}.Release|x86.Build.0 = Release|Any CPU
		{1B9EEBB6-5272-48D3-95AB-9C8949FB05C2}.Debug|Any CPU.ActiveCfg = Debug|Any CPU
		{1B9EEBB6-5272-48D3-95AB-9C8949FB05C2}.Debug|Any CPU.Build.0 = Debug|Any CPU
		{1B9EEBB6-5272-48D3-95AB-9C8949FB05C2}.Debug|ARM.ActiveCfg = Debug|Any CPU
		{1B9EEBB6-5272-48D3-95AB-9C8949FB05C2}.Debug|ARM.Build.0 = Debug|Any CPU
		{1B9EEBB6-5272-48D3-95AB-9C8949FB05C2}.Debug|x64.ActiveCfg = Debug|Any CPU
		{1B9EEBB6-5272-48D3-95AB-9C8949FB05C2}.Debug|x64.Build.0 = Debug|Any CPU
		{1B9EEBB6-5272-48D3-95AB-9C8949FB05C2}.Debug|x86.ActiveCfg = Debug|Any CPU
		{1B9EEBB6-5272-48D3-95AB-9C8949FB05C2}.Debug|x86.Build.0 = Debug|Any CPU
		{1B9EEBB6-5272-48D3-95AB-9C8949FB05C2}.Release|Any CPU.ActiveCfg = Release|Any CPU
		{1B9EEBB6-5272-48D3-95AB-9C8949FB05C2}.Release|Any CPU.Build.0 = Release|Any CPU
		{1B9EEBB6-5272-48D3-95AB-9C8949FB05C2}.Release|ARM.ActiveCfg = Release|Any CPU
		{1B9EEBB6-5272-48D3-95AB-9C8949FB05C2}.Release|ARM.Build.0 = Release|Any CPU
		{1B9EEBB6-5272-48D3-95AB-9C8949FB05C2}.Release|x64.ActiveCfg = Release|Any CPU
		{1B9EEBB6-5272-48D3-95AB-9C8949FB05C2}.Release|x64.Build.0 = Release|Any CPU
		{1B9EEBB6-5272-48D3-95AB-9C8949FB05C2}.Release|x86.ActiveCfg = Release|Any CPU
		{1B9EEBB6-5272-48D3-95AB-9C8949FB05C2}.Release|x86.Build.0 = Release|Any CPU
		{1EE2D1E3-A66D-45B9-A7B4-18BEF5B93064}.Debug|Any CPU.ActiveCfg = Debug|Any CPU
		{1EE2D1E3-A66D-45B9-A7B4-18BEF5B93064}.Debug|Any CPU.Build.0 = Debug|Any CPU
		{1EE2D1E3-A66D-45B9-A7B4-18BEF5B93064}.Debug|ARM.ActiveCfg = Debug|Any CPU
		{1EE2D1E3-A66D-45B9-A7B4-18BEF5B93064}.Debug|ARM.Build.0 = Debug|Any CPU
		{1EE2D1E3-A66D-45B9-A7B4-18BEF5B93064}.Debug|x64.ActiveCfg = Debug|Any CPU
		{1EE2D1E3-A66D-45B9-A7B4-18BEF5B93064}.Debug|x64.Build.0 = Debug|Any CPU
		{1EE2D1E3-A66D-45B9-A7B4-18BEF5B93064}.Debug|x86.ActiveCfg = Debug|Any CPU
		{1EE2D1E3-A66D-45B9-A7B4-18BEF5B93064}.Debug|x86.Build.0 = Debug|Any CPU
		{1EE2D1E3-A66D-45B9-A7B4-18BEF5B93064}.Release|Any CPU.ActiveCfg = Release|Any CPU
		{1EE2D1E3-A66D-45B9-A7B4-18BEF5B93064}.Release|Any CPU.Build.0 = Release|Any CPU
		{1EE2D1E3-A66D-45B9-A7B4-18BEF5B93064}.Release|ARM.ActiveCfg = Release|Any CPU
		{1EE2D1E3-A66D-45B9-A7B4-18BEF5B93064}.Release|ARM.Build.0 = Release|Any CPU
		{1EE2D1E3-A66D-45B9-A7B4-18BEF5B93064}.Release|x64.ActiveCfg = Release|Any CPU
		{1EE2D1E3-A66D-45B9-A7B4-18BEF5B93064}.Release|x64.Build.0 = Release|Any CPU
		{1EE2D1E3-A66D-45B9-A7B4-18BEF5B93064}.Release|x86.ActiveCfg = Release|Any CPU
		{1EE2D1E3-A66D-45B9-A7B4-18BEF5B93064}.Release|x86.Build.0 = Release|Any CPU
		{7DB67087-5A02-4A55-A15C-EF54E974D2D2}.Debug|Any CPU.ActiveCfg = Debug|Any CPU
		{7DB67087-5A02-4A55-A15C-EF54E974D2D2}.Debug|Any CPU.Build.0 = Debug|Any CPU
		{7DB67087-5A02-4A55-A15C-EF54E974D2D2}.Debug|ARM.ActiveCfg = Debug|Any CPU
		{7DB67087-5A02-4A55-A15C-EF54E974D2D2}.Debug|ARM.Build.0 = Debug|Any CPU
		{7DB67087-5A02-4A55-A15C-EF54E974D2D2}.Debug|x64.ActiveCfg = Debug|Any CPU
		{7DB67087-5A02-4A55-A15C-EF54E974D2D2}.Debug|x64.Build.0 = Debug|Any CPU
		{7DB67087-5A02-4A55-A15C-EF54E974D2D2}.Debug|x86.ActiveCfg = Debug|Any CPU
		{7DB67087-5A02-4A55-A15C-EF54E974D2D2}.Debug|x86.Build.0 = Debug|Any CPU
		{7DB67087-5A02-4A55-A15C-EF54E974D2D2}.Release|Any CPU.ActiveCfg = Release|Any CPU
		{7DB67087-5A02-4A55-A15C-EF54E974D2D2}.Release|Any CPU.Build.0 = Release|Any CPU
		{7DB67087-5A02-4A55-A15C-EF54E974D2D2}.Release|ARM.ActiveCfg = Release|Any CPU
		{7DB67087-5A02-4A55-A15C-EF54E974D2D2}.Release|ARM.Build.0 = Release|Any CPU
		{7DB67087-5A02-4A55-A15C-EF54E974D2D2}.Release|x64.ActiveCfg = Release|Any CPU
		{7DB67087-5A02-4A55-A15C-EF54E974D2D2}.Release|x64.Build.0 = Release|Any CPU
		{7DB67087-5A02-4A55-A15C-EF54E974D2D2}.Release|x86.ActiveCfg = Release|Any CPU
		{7DB67087-5A02-4A55-A15C-EF54E974D2D2}.Release|x86.Build.0 = Release|Any CPU
	EndGlobalSection
	GlobalSection(SolutionProperties) = preSolution
		HideSolutionNode = FALSE
	EndGlobalSection
	GlobalSection(NestedProjects) = preSolution
		{10F945DA-7196-493A-990C-DEE34B23F575} = {80FD2672-3557-48BD-BA73-3952E2D57B22}
		{1320D3F8-47CC-49F2-B1AE-2F9C06F85368} = {F1B29462-75DC-4226-8333-CABECAE02934}
		{F03EA9C2-6842-46A1-8372-CAF5F37FC60B} = {F1B29462-75DC-4226-8333-CABECAE02934}
		{B8E40E93-CEAF-475C-A129-B6871E6656EF} = {F1B29462-75DC-4226-8333-CABECAE02934}
		{1B9EEBB6-5272-48D3-95AB-9C8949FB05C2} = {F1B29462-75DC-4226-8333-CABECAE02934}
		{1EE2D1E3-A66D-45B9-A7B4-18BEF5B93064} = {F1B29462-75DC-4226-8333-CABECAE02934}
		{7DB67087-5A02-4A55-A15C-EF54E974D2D2} = {F1B29462-75DC-4226-8333-CABECAE02934}
	EndGlobalSection
	GlobalSection(ExtensibilityGlobals) = postSolution
		SolutionGuid = {7AA13CF5-96D7-4B15-87C0-A633B8AE18F8}
	EndGlobalSection
EndGlobal
