
Microsoft Visual Studio Solution File, Format Version 12.00
# Visual Studio Version 16
VisualStudioVersion = 16.0.28714.193
MinimumVisualStudioVersion = 10.0.40219.1
Project("{2150E333-8FDC-42A3-9474-1A3956D46DE8}") = "Lib", "Lib", "{80FD2672-3557-48BD-BA73-3952E2D57B22}"
EndProject
Project("{2150E333-8FDC-42A3-9474-1A3956D46DE8}") = "Tests", "Tests", "{F1B29462-75DC-4226-8333-CABECAE02934}"
EndProject
Project("{2150E333-8FDC-42A3-9474-1A3956D46DE8}") = "SolutionItems", "SolutionItems", "{10581989-9112-4BA6-8C4F-F2A2F1B8B1B5}"
	ProjectSection(SolutionItems) = preProject
		AUTHORS.md = AUTHORS.md
		Changelog.md = Changelog.md
		coding_style.md = coding_style.md
		CONTRIBUTING.md = CONTRIBUTING.md
		.github\ISSUE_TEMPLATE.md = .github\ISSUE_TEMPLATE.md
		LICENSE.md = LICENSE.md
		PublishRelease.txt = PublishRelease.txt
		README.md = README.md
		Source\Lib\Trakt.NET\Trakt.NET.nuspec = Source\Lib\Trakt.NET\Trakt.NET.nuspec
	EndProjectSection
EndProject
Project("{9A19103F-16F7-4668-BE54-9A1E7A4F7556}") = "Trakt.NET", "Source\Lib\Trakt.NET\Trakt.NET.csproj", "{10F945DA-7196-493A-990C-DEE34B23F575}"
EndProject
Project("{9A19103F-16F7-4668-BE54-9A1E7A4F7556}") = "Trakt.NET.Core.Tests", "Source\Tests\Trakt.NET.Core.Tests\Trakt.NET.Core.Tests.csproj", "{086C2B0A-3184-490E-BA87-8192775B871C}"
EndProject
Project("{9A19103F-16F7-4668-BE54-9A1E7A4F7556}") = "Trakt.NET.Modules.Tests", "Source\Tests\Trakt.NET.Modules.Tests\Trakt.NET.Modules.Tests.csproj", "{AF3DCA8D-DAEC-4FC4-9630-4D88C14BB69F}"
EndProject
Project("{9A19103F-16F7-4668-BE54-9A1E7A4F7556}") = "Trakt.NET.Objects.Tests", "Source\Tests\Trakt.NET.Objects.Tests\Trakt.NET.Objects.Tests.csproj", "{620DDA2C-2DA9-4CE0-A236-36174042E503}"
EndProject
Project("{9A19103F-16F7-4668-BE54-9A1E7A4F7556}") = "Trakt.NET.Requests.Tests", "Source\Tests\Trakt.NET.Requests.Tests\Trakt.NET.Requests.Tests.csproj", "{C686EA39-7F64-489C-93A5-06C0AD33EF5F}"
EndProject
Project("{9A19103F-16F7-4668-BE54-9A1E7A4F7556}") = "Trakt.NET.Tests.Utility", "Source\Tests\Trakt.NET.Tests.Utility\Trakt.NET.Tests.Utility.csproj", "{D57B5169-D99F-4FDD-B462-F62922D5AE57}"
EndProject
Global
	GlobalSection(SolutionConfigurationPlatforms) = preSolution
		Debug|Any CPU = Debug|Any CPU
		Debug|ARM = Debug|ARM
		Debug|x64 = Debug|x64
		Debug|x86 = Debug|x86
		Release|Any CPU = Release|Any CPU
		Release|ARM = Release|ARM
		Release|x64 = Release|x64
		Release|x86 = Release|x86
	EndGlobalSection
	GlobalSection(ProjectConfigurationPlatforms) = postSolution
		{10F945DA-7196-493A-990C-DEE34B23F575}.Debug|Any CPU.ActiveCfg = Debug|Any CPU
		{10F945DA-7196-493A-990C-DEE34B23F575}.Debug|Any CPU.Build.0 = Debug|Any CPU
		{10F945DA-7196-493A-990C-DEE34B23F575}.Debug|ARM.ActiveCfg = Debug|Any CPU
		{10F945DA-7196-493A-990C-DEE34B23F575}.Debug|ARM.Build.0 = Debug|Any CPU
		{10F945DA-7196-493A-990C-DEE34B23F575}.Debug|x64.ActiveCfg = Debug|Any CPU
		{10F945DA-7196-493A-990C-DEE34B23F575}.Debug|x64.Build.0 = Debug|Any CPU
		{10F945DA-7196-493A-990C-DEE34B23F575}.Debug|x86.ActiveCfg = Debug|Any CPU
		{10F945DA-7196-493A-990C-DEE34B23F575}.Debug|x86.Build.0 = Debug|Any CPU
		{10F945DA-7196-493A-990C-DEE34B23F575}.Release|Any CPU.ActiveCfg = Release|Any CPU
		{10F945DA-7196-493A-990C-DEE34B23F575}.Release|Any CPU.Build.0 = Release|Any CPU
		{10F945DA-7196-493A-990C-DEE34B23F575}.Release|ARM.ActiveCfg = Release|Any CPU
		{10F945DA-7196-493A-990C-DEE34B23F575}.Release|ARM.Build.0 = Release|Any CPU
		{10F945DA-7196-493A-990C-DEE34B23F575}.Release|x64.ActiveCfg = Release|Any CPU
		{10F945DA-7196-493A-990C-DEE34B23F575}.Release|x64.Build.0 = Release|Any CPU
		{10F945DA-7196-493A-990C-DEE34B23F575}.Release|x86.ActiveCfg = Release|Any CPU
		{10F945DA-7196-493A-990C-DEE34B23F575}.Release|x86.Build.0 = Release|Any CPU
		{086C2B0A-3184-490E-BA87-8192775B871C}.Debug|Any CPU.ActiveCfg = Debug|Any CPU
		{086C2B0A-3184-490E-BA87-8192775B871C}.Debug|Any CPU.Build.0 = Debug|Any CPU
		{086C2B0A-3184-490E-BA87-8192775B871C}.Debug|ARM.ActiveCfg = Debug|Any CPU
		{086C2B0A-3184-490E-BA87-8192775B871C}.Debug|ARM.Build.0 = Debug|Any CPU
		{086C2B0A-3184-490E-BA87-8192775B871C}.Debug|x64.ActiveCfg = Debug|Any CPU
		{086C2B0A-3184-490E-BA87-8192775B871C}.Debug|x64.Build.0 = Debug|Any CPU
		{086C2B0A-3184-490E-BA87-8192775B871C}.Debug|x86.ActiveCfg = Debug|Any CPU
		{086C2B0A-3184-490E-BA87-8192775B871C}.Debug|x86.Build.0 = Debug|Any CPU
		{086C2B0A-3184-490E-BA87-8192775B871C}.Release|Any CPU.ActiveCfg = Release|Any CPU
		{086C2B0A-3184-490E-BA87-8192775B871C}.Release|Any CPU.Build.0 = Release|Any CPU
		{086C2B0A-3184-490E-BA87-8192775B871C}.Release|ARM.ActiveCfg = Release|Any CPU
		{086C2B0A-3184-490E-BA87-8192775B871C}.Release|ARM.Build.0 = Release|Any CPU
		{086C2B0A-3184-490E-BA87-8192775B871C}.Release|x64.ActiveCfg = Release|Any CPU
		{086C2B0A-3184-490E-BA87-8192775B871C}.Release|x64.Build.0 = Release|Any CPU
		{086C2B0A-3184-490E-BA87-8192775B871C}.Release|x86.ActiveCfg = Release|Any CPU
		{086C2B0A-3184-490E-BA87-8192775B871C}.Release|x86.Build.0 = Release|Any CPU
		{AF3DCA8D-DAEC-4FC4-9630-4D88C14BB69F}.Debug|Any CPU.ActiveCfg = Debug|Any CPU
		{AF3DCA8D-DAEC-4FC4-9630-4D88C14BB69F}.Debug|Any CPU.Build.0 = Debug|Any CPU
		{AF3DCA8D-DAEC-4FC4-9630-4D88C14BB69F}.Debug|ARM.ActiveCfg = Debug|Any CPU
		{AF3DCA8D-DAEC-4FC4-9630-4D88C14BB69F}.Debug|ARM.Build.0 = Debug|Any CPU
		{AF3DCA8D-DAEC-4FC4-9630-4D88C14BB69F}.Debug|x64.ActiveCfg = Debug|Any CPU
		{AF3DCA8D-DAEC-4FC4-9630-4D88C14BB69F}.Debug|x64.Build.0 = Debug|Any CPU
		{AF3DCA8D-DAEC-4FC4-9630-4D88C14BB69F}.Debug|x86.ActiveCfg = Debug|Any CPU
		{AF3DCA8D-DAEC-4FC4-9630-4D88C14BB69F}.Debug|x86.Build.0 = Debug|Any CPU
		{AF3DCA8D-DAEC-4FC4-9630-4D88C14BB69F}.Release|Any CPU.ActiveCfg = Release|Any CPU
		{AF3DCA8D-DAEC-4FC4-9630-4D88C14BB69F}.Release|Any CPU.Build.0 = Release|Any CPU
		{AF3DCA8D-DAEC-4FC4-9630-4D88C14BB69F}.Release|ARM.ActiveCfg = Release|Any CPU
		{AF3DCA8D-DAEC-4FC4-9630-4D88C14BB69F}.Release|ARM.Build.0 = Release|Any CPU
		{AF3DCA8D-DAEC-4FC4-9630-4D88C14BB69F}.Release|x64.ActiveCfg = Release|Any CPU
		{AF3DCA8D-DAEC-4FC4-9630-4D88C14BB69F}.Release|x64.Build.0 = Release|Any CPU
		{AF3DCA8D-DAEC-4FC4-9630-4D88C14BB69F}.Release|x86.ActiveCfg = Release|Any CPU
		{AF3DCA8D-DAEC-4FC4-9630-4D88C14BB69F}.Release|x86.Build.0 = Release|Any CPU
		{620DDA2C-2DA9-4CE0-A236-36174042E503}.Debug|Any CPU.ActiveCfg = Debug|Any CPU
		{620DDA2C-2DA9-4CE0-A236-36174042E503}.Debug|Any CPU.Build.0 = Debug|Any CPU
		{620DDA2C-2DA9-4CE0-A236-36174042E503}.Debug|ARM.ActiveCfg = Debug|Any CPU
		{620DDA2C-2DA9-4CE0-A236-36174042E503}.Debug|ARM.Build.0 = Debug|Any CPU
		{620DDA2C-2DA9-4CE0-A236-36174042E503}.Debug|x64.ActiveCfg = Debug|Any CPU
		{620DDA2C-2DA9-4CE0-A236-36174042E503}.Debug|x64.Build.0 = Debug|Any CPU
		{620DDA2C-2DA9-4CE0-A236-36174042E503}.Debug|x86.ActiveCfg = Debug|Any CPU
		{620DDA2C-2DA9-4CE0-A236-36174042E503}.Debug|x86.Build.0 = Debug|Any CPU
		{620DDA2C-2DA9-4CE0-A236-36174042E503}.Release|Any CPU.ActiveCfg = Release|Any CPU
		{620DDA2C-2DA9-4CE0-A236-36174042E503}.Release|Any CPU.Build.0 = Release|Any CPU
		{620DDA2C-2DA9-4CE0-A236-36174042E503}.Release|ARM.ActiveCfg = Release|Any CPU
		{620DDA2C-2DA9-4CE0-A236-36174042E503}.Release|ARM.Build.0 = Release|Any CPU
		{620DDA2C-2DA9-4CE0-A236-36174042E503}.Release|x64.ActiveCfg = Release|Any CPU
		{620DDA2C-2DA9-4CE0-A236-36174042E503}.Release|x64.Build.0 = Release|Any CPU
		{620DDA2C-2DA9-4CE0-A236-36174042E503}.Release|x86.ActiveCfg = Release|Any CPU
		{620DDA2C-2DA9-4CE0-A236-36174042E503}.Release|x86.Build.0 = Release|Any CPU
		{C686EA39-7F64-489C-93A5-06C0AD33EF5F}.Debug|Any CPU.ActiveCfg = Debug|Any CPU
		{C686EA39-7F64-489C-93A5-06C0AD33EF5F}.Debug|Any CPU.Build.0 = Debug|Any CPU
		{C686EA39-7F64-489C-93A5-06C0AD33EF5F}.Debug|ARM.ActiveCfg = Debug|Any CPU
		{C686EA39-7F64-489C-93A5-06C0AD33EF5F}.Debug|ARM.Build.0 = Debug|Any CPU
		{C686EA39-7F64-489C-93A5-06C0AD33EF5F}.Debug|x64.ActiveCfg = Debug|Any CPU
		{C686EA39-7F64-489C-93A5-06C0AD33EF5F}.Debug|x64.Build.0 = Debug|Any CPU
		{C686EA39-7F64-489C-93A5-06C0AD33EF5F}.Debug|x86.ActiveCfg = Debug|Any CPU
		{C686EA39-7F64-489C-93A5-06C0AD33EF5F}.Debug|x86.Build.0 = Debug|Any CPU
		{C686EA39-7F64-489C-93A5-06C0AD33EF5F}.Release|Any CPU.ActiveCfg = Release|Any CPU
		{C686EA39-7F64-489C-93A5-06C0AD33EF5F}.Release|Any CPU.Build.0 = Release|Any CPU
		{C686EA39-7F64-489C-93A5-06C0AD33EF5F}.Release|ARM.ActiveCfg = Release|Any CPU
		{C686EA39-7F64-489C-93A5-06C0AD33EF5F}.Release|ARM.Build.0 = Release|Any CPU
		{C686EA39-7F64-489C-93A5-06C0AD33EF5F}.Release|x64.ActiveCfg = Release|Any CPU
		{C686EA39-7F64-489C-93A5-06C0AD33EF5F}.Release|x64.Build.0 = Release|Any CPU
		{C686EA39-7F64-489C-93A5-06C0AD33EF5F}.Release|x86.ActiveCfg = Release|Any CPU
		{C686EA39-7F64-489C-93A5-06C0AD33EF5F}.Release|x86.Build.0 = Release|Any CPU
		{D57B5169-D99F-4FDD-B462-F62922D5AE57}.Debug|Any CPU.ActiveCfg = Debug|Any CPU
		{D57B5169-D99F-4FDD-B462-F62922D5AE57}.Debug|Any CPU.Build.0 = Debug|Any CPU
		{D57B5169-D99F-4FDD-B462-F62922D5AE57}.Debug|ARM.ActiveCfg = Debug|Any CPU
		{D57B5169-D99F-4FDD-B462-F62922D5AE57}.Debug|ARM.Build.0 = Debug|Any CPU
		{D57B5169-D99F-4FDD-B462-F62922D5AE57}.Debug|x64.ActiveCfg = Debug|Any CPU
		{D57B5169-D99F-4FDD-B462-F62922D5AE57}.Debug|x64.Build.0 = Debug|Any CPU
		{D57B5169-D99F-4FDD-B462-F62922D5AE57}.Debug|x86.ActiveCfg = Debug|Any CPU
		{D57B5169-D99F-4FDD-B462-F62922D5AE57}.Debug|x86.Build.0 = Debug|Any CPU
		{D57B5169-D99F-4FDD-B462-F62922D5AE57}.Release|Any CPU.ActiveCfg = Release|Any CPU
		{D57B5169-D99F-4FDD-B462-F62922D5AE57}.Release|Any CPU.Build.0 = Release|Any CPU
		{D57B5169-D99F-4FDD-B462-F62922D5AE57}.Release|ARM.ActiveCfg = Release|Any CPU
		{D57B5169-D99F-4FDD-B462-F62922D5AE57}.Release|ARM.Build.0 = Release|Any CPU
		{D57B5169-D99F-4FDD-B462-F62922D5AE57}.Release|x64.ActiveCfg = Release|Any CPU
		{D57B5169-D99F-4FDD-B462-F62922D5AE57}.Release|x64.Build.0 = Release|Any CPU
		{D57B5169-D99F-4FDD-B462-F62922D5AE57}.Release|x86.ActiveCfg = Release|Any CPU
		{D57B5169-D99F-4FDD-B462-F62922D5AE57}.Release|x86.Build.0 = Release|Any CPU
	EndGlobalSection
	GlobalSection(SolutionProperties) = preSolution
		HideSolutionNode = FALSE
	EndGlobalSection
	GlobalSection(NestedProjects) = preSolution
		{10F945DA-7196-493A-990C-DEE34B23F575} = {80FD2672-3557-48BD-BA73-3952E2D57B22}
		{086C2B0A-3184-490E-BA87-8192775B871C} = {F1B29462-75DC-4226-8333-CABECAE02934}
		{AF3DCA8D-DAEC-4FC4-9630-4D88C14BB69F} = {F1B29462-75DC-4226-8333-CABECAE02934}
		{620DDA2C-2DA9-4CE0-A236-36174042E503} = {F1B29462-75DC-4226-8333-CABECAE02934}
		{C686EA39-7F64-489C-93A5-06C0AD33EF5F} = {F1B29462-75DC-4226-8333-CABECAE02934}
		{D57B5169-D99F-4FDD-B462-F62922D5AE57} = {F1B29462-75DC-4226-8333-CABECAE02934}
	EndGlobalSection
	GlobalSection(ExtensibilityGlobals) = postSolution
		SolutionGuid = {7AA13CF5-96D7-4B15-87C0-A633B8AE18F8}
	EndGlobalSection
EndGlobal
