
Microsoft Visual Studio Solution File, Format Version 12.00
# Visual Studio 14
VisualStudioVersion = 14.0.25420.1
MinimumVisualStudioVersion = 10.0.40219.1
Project("{2150E333-8FDC-42A3-9474-1A3956D46DE8}") = "Lib", "Lib", "{80FD2672-3557-48BD-BA73-3952E2D57B22}"
EndProject
Project("{2150E333-8FDC-42A3-9474-1A3956D46DE8}") = "Tests", "Tests", "{F1B29462-75DC-4226-8333-CABECAE02934}"
EndProject
Project("{FAE04EC0-301F-11D3-BF4B-00C04F79EFBC}") = "TraktApiSharp", "Source\Lib\TraktApiSharp\TraktApiSharp.csproj", "{85190989-7D73-4B21-9225-AD02FE14D9C2}"
EndProject
Project("{FAE04EC0-301F-11D3-BF4B-00C04F79EFBC}") = "TraktApiSharp.Tests", "Source\Tests\TraktApiSharp.Tests\TraktApiSharp.Tests.csproj", "{DAEDB71A-91E2-48F1-ACE4-3CBCF325F572}"
EndProject
Project("{2150E333-8FDC-42A3-9474-1A3956D46DE8}") = "SolutionItems", "SolutionItems", "{10581989-9112-4BA6-8C4F-F2A2F1B8B1B5}"
	ProjectSection(SolutionItems) = preProject
		appveyor.yml = appveyor.yml
		Changelog.md = Changelog.md
		LICENSE = LICENSE
		PublishRelease.txt = PublishRelease.txt
		README.md = README.md
		Source\Lib\TraktApiSharp\TraktApiSharp.nuspec = Source\Lib\TraktApiSharp\TraktApiSharp.nuspec
	EndProjectSection
EndProject
Project("{2150E333-8FDC-42A3-9474-1A3956D46DE8}") = "Examples", "Examples", "{8CDD4A4D-986A-4422-BEEC-6C67F6AD4A27}"
EndProject
Project("{2150E333-8FDC-42A3-9474-1A3956D46DE8}") = "UWP App", "UWP App", "{92853F03-B70B-4112-88FD-E2106054AC7A}"
EndProject
Project("{FAE04EC0-301F-11D3-BF4B-00C04F79EFBC}") = "TraktApiSharp.Example.UWP", "Examples\UWP App\TraktApiSharp.Example.UWP\TraktApiSharp.Example.UWP.csproj", "{1741D85A-E2E6-425A-B2C5-632701D3D060}"
EndProject
Project("{2150E333-8FDC-42A3-9474-1A3956D46DE8}") = "Authentication", "Authentication", "{613D12C2-41D5-4DC9-80D2-DF18A1658E00}"
EndProject
Project("{FAE04EC0-301F-11D3-BF4B-00C04F79EFBC}") = "TraktDeviceAuthenticationExample", "Examples\Authentication\TraktDeviceAuthenticationExample\TraktDeviceAuthenticationExample.csproj", "{CFB3BE84-E6F2-4D17-BED4-C93DB5E0CFC4}"
EndProject
Project("{FAE04EC0-301F-11D3-BF4B-00C04F79EFBC}") = "TraktOAuthAuthenticationExample", "Examples\Authentication\TraktOAuthAuthenticationExample\TraktOAuthAuthenticationExample.csproj", "{5912AAAD-1421-4D1E-A09F-9ED9F969BF68}"
EndProject
Project("{2150E333-8FDC-42A3-9474-1A3956D46DE8}") = "Configuration", "Configuration", "{600E27CC-F96B-4950-AE62-17575C7A8EB0}"
EndProject
Project("{FAE04EC0-301F-11D3-BF4B-00C04F79EFBC}") = "TraktConfigurationExample", "Examples\Configuration\TraktConfigurationExample\TraktConfigurationExample.csproj", "{95AAF947-EB19-4EF2-B7C3-4DD06408C820}"
EndProject
Project("{2150E333-8FDC-42A3-9474-1A3956D46DE8}") = "Serialization", "Serialization", "{FE33B8E8-7D75-4449-BAAB-95E830FBEF47}"
EndProject
Project("{FAE04EC0-301F-11D3-BF4B-00C04F79EFBC}") = "TraktSerializeAuthorizationExample", "Examples\Serialization\TraktSerializeAuthorizationExample\TraktSerializeAuthorizationExample.csproj", "{561AD83B-1836-4FB9-9F4D-A78D3808C9FC}"
EndProject
Project("{2150E333-8FDC-42A3-9474-1A3956D46DE8}") = "Modules", "Modules", "{6C3C2DD8-856F-4862-823C-0CEB535F97E7}"
EndProject
Project("{2150E333-8FDC-42A3-9474-1A3956D46DE8}") = "ShowsModule", "ShowsModule", "{D934889B-42F8-4977-AF78-A4865FB91699}"
EndProject
Project("{FAE04EC0-301F-11D3-BF4B-00C04F79EFBC}") = "GetSingleShowExample", "Examples\Modules\ShowsModule\GetSingleShowExample\GetSingleShowExample.csproj", "{0693F8A7-ED6D-4B20-ABD8-A13E67F4CEFF}"
EndProject
Project("{FAE04EC0-301F-11D3-BF4B-00C04F79EFBC}") = "GetMultipleShowsExample", "Examples\Modules\ShowsModule\GetMultipleShowsExample\GetMultipleShowsExample.csproj", "{873785B2-5C57-40E4-A26C-FAC98EC5BECD}"
EndProject
Project("{2150E333-8FDC-42A3-9474-1A3956D46DE8}") = "SolutionItems", "SolutionItems", "{C0B9321F-5E41-4D08-B7BB-A041E10AA8E0}"
	ProjectSection(SolutionItems) = preProject
		Examples\README.md = Examples\README.md
	EndProjectSection
EndProject
Global
	GlobalSection(SolutionConfigurationPlatforms) = preSolution
		Debug|Any CPU = Debug|Any CPU
		Debug|ARM = Debug|ARM
		Debug|x64 = Debug|x64
		Debug|x86 = Debug|x86
		Release|Any CPU = Release|Any CPU
		Release|ARM = Release|ARM
		Release|x64 = Release|x64
		Release|x86 = Release|x86
	EndGlobalSection
	GlobalSection(ProjectConfigurationPlatforms) = postSolution
		{85190989-7D73-4B21-9225-AD02FE14D9C2}.Debug|Any CPU.ActiveCfg = Debug|Any CPU
		{85190989-7D73-4B21-9225-AD02FE14D9C2}.Debug|Any CPU.Build.0 = Debug|Any CPU
		{85190989-7D73-4B21-9225-AD02FE14D9C2}.Debug|ARM.ActiveCfg = Debug|Any CPU
		{85190989-7D73-4B21-9225-AD02FE14D9C2}.Debug|ARM.Build.0 = Debug|Any CPU
		{85190989-7D73-4B21-9225-AD02FE14D9C2}.Debug|x64.ActiveCfg = Debug|Any CPU
		{85190989-7D73-4B21-9225-AD02FE14D9C2}.Debug|x64.Build.0 = Debug|Any CPU
		{85190989-7D73-4B21-9225-AD02FE14D9C2}.Debug|x86.ActiveCfg = Debug|Any CPU
		{85190989-7D73-4B21-9225-AD02FE14D9C2}.Debug|x86.Build.0 = Debug|Any CPU
		{85190989-7D73-4B21-9225-AD02FE14D9C2}.Release|Any CPU.ActiveCfg = Release|Any CPU
		{85190989-7D73-4B21-9225-AD02FE14D9C2}.Release|Any CPU.Build.0 = Release|Any CPU
		{85190989-7D73-4B21-9225-AD02FE14D9C2}.Release|ARM.ActiveCfg = Release|Any CPU
		{85190989-7D73-4B21-9225-AD02FE14D9C2}.Release|ARM.Build.0 = Release|Any CPU
		{85190989-7D73-4B21-9225-AD02FE14D9C2}.Release|x64.ActiveCfg = Release|Any CPU
		{85190989-7D73-4B21-9225-AD02FE14D9C2}.Release|x64.Build.0 = Release|Any CPU
		{85190989-7D73-4B21-9225-AD02FE14D9C2}.Release|x86.ActiveCfg = Release|Any CPU
		{85190989-7D73-4B21-9225-AD02FE14D9C2}.Release|x86.Build.0 = Release|Any CPU
		{DAEDB71A-91E2-48F1-ACE4-3CBCF325F572}.Debug|Any CPU.ActiveCfg = Debug|Any CPU
		{DAEDB71A-91E2-48F1-ACE4-3CBCF325F572}.Debug|Any CPU.Build.0 = Debug|Any CPU
		{DAEDB71A-91E2-48F1-ACE4-3CBCF325F572}.Debug|ARM.ActiveCfg = Debug|Any CPU
		{DAEDB71A-91E2-48F1-ACE4-3CBCF325F572}.Debug|ARM.Build.0 = Debug|Any CPU
		{DAEDB71A-91E2-48F1-ACE4-3CBCF325F572}.Debug|x64.ActiveCfg = Debug|Any CPU
		{DAEDB71A-91E2-48F1-ACE4-3CBCF325F572}.Debug|x64.Build.0 = Debug|Any CPU
		{DAEDB71A-91E2-48F1-ACE4-3CBCF325F572}.Debug|x86.ActiveCfg = Debug|Any CPU
		{DAEDB71A-91E2-48F1-ACE4-3CBCF325F572}.Debug|x86.Build.0 = Debug|Any CPU
		{DAEDB71A-91E2-48F1-ACE4-3CBCF325F572}.Release|Any CPU.ActiveCfg = Release|Any CPU
		{DAEDB71A-91E2-48F1-ACE4-3CBCF325F572}.Release|Any CPU.Build.0 = Release|Any CPU
		{DAEDB71A-91E2-48F1-ACE4-3CBCF325F572}.Release|ARM.ActiveCfg = Release|Any CPU
		{DAEDB71A-91E2-48F1-ACE4-3CBCF325F572}.Release|ARM.Build.0 = Release|Any CPU
		{DAEDB71A-91E2-48F1-ACE4-3CBCF325F572}.Release|x64.ActiveCfg = Release|Any CPU
		{DAEDB71A-91E2-48F1-ACE4-3CBCF325F572}.Release|x64.Build.0 = Release|Any CPU
		{DAEDB71A-91E2-48F1-ACE4-3CBCF325F572}.Release|x86.ActiveCfg = Release|Any CPU
		{DAEDB71A-91E2-48F1-ACE4-3CBCF325F572}.Release|x86.Build.0 = Release|Any CPU
		{1741D85A-E2E6-425A-B2C5-632701D3D060}.Debug|Any CPU.ActiveCfg = Debug|x86
		{1741D85A-E2E6-425A-B2C5-632701D3D060}.Debug|ARM.ActiveCfg = Debug|ARM
		{1741D85A-E2E6-425A-B2C5-632701D3D060}.Debug|ARM.Build.0 = Debug|ARM
		{1741D85A-E2E6-425A-B2C5-632701D3D060}.Debug|ARM.Deploy.0 = Debug|ARM
		{1741D85A-E2E6-425A-B2C5-632701D3D060}.Debug|x64.ActiveCfg = Debug|x64
		{1741D85A-E2E6-425A-B2C5-632701D3D060}.Debug|x64.Build.0 = Debug|x64
		{1741D85A-E2E6-425A-B2C5-632701D3D060}.Debug|x64.Deploy.0 = Debug|x64
		{1741D85A-E2E6-425A-B2C5-632701D3D060}.Debug|x86.ActiveCfg = Debug|x86
		{1741D85A-E2E6-425A-B2C5-632701D3D060}.Debug|x86.Build.0 = Debug|x86
		{1741D85A-E2E6-425A-B2C5-632701D3D060}.Debug|x86.Deploy.0 = Debug|x86
		{1741D85A-E2E6-425A-B2C5-632701D3D060}.Release|Any CPU.ActiveCfg = Release|x86
		{1741D85A-E2E6-425A-B2C5-632701D3D060}.Release|ARM.ActiveCfg = Release|ARM
		{1741D85A-E2E6-425A-B2C5-632701D3D060}.Release|ARM.Build.0 = Release|ARM
		{1741D85A-E2E6-425A-B2C5-632701D3D060}.Release|ARM.Deploy.0 = Release|ARM
		{1741D85A-E2E6-425A-B2C5-632701D3D060}.Release|x64.ActiveCfg = Release|x64
		{1741D85A-E2E6-425A-B2C5-632701D3D060}.Release|x64.Build.0 = Release|x64
		{1741D85A-E2E6-425A-B2C5-632701D3D060}.Release|x64.Deploy.0 = Release|x64
		{1741D85A-E2E6-425A-B2C5-632701D3D060}.Release|x86.ActiveCfg = Release|x86
		{1741D85A-E2E6-425A-B2C5-632701D3D060}.Release|x86.Build.0 = Release|x86
		{1741D85A-E2E6-425A-B2C5-632701D3D060}.Release|x86.Deploy.0 = Release|x86
		{CFB3BE84-E6F2-4D17-BED4-C93DB5E0CFC4}.Debug|Any CPU.ActiveCfg = Debug|Any CPU
		{CFB3BE84-E6F2-4D17-BED4-C93DB5E0CFC4}.Debug|Any CPU.Build.0 = Debug|Any CPU
		{CFB3BE84-E6F2-4D17-BED4-C93DB5E0CFC4}.Debug|ARM.ActiveCfg = Debug|Any CPU
		{CFB3BE84-E6F2-4D17-BED4-C93DB5E0CFC4}.Debug|ARM.Build.0 = Debug|Any CPU
		{CFB3BE84-E6F2-4D17-BED4-C93DB5E0CFC4}.Debug|x64.ActiveCfg = Debug|Any CPU
		{CFB3BE84-E6F2-4D17-BED4-C93DB5E0CFC4}.Debug|x64.Build.0 = Debug|Any CPU
		{CFB3BE84-E6F2-4D17-BED4-C93DB5E0CFC4}.Debug|x86.ActiveCfg = Debug|Any CPU
		{CFB3BE84-E6F2-4D17-BED4-C93DB5E0CFC4}.Debug|x86.Build.0 = Debug|Any CPU
		{CFB3BE84-E6F2-4D17-BED4-C93DB5E0CFC4}.Release|Any CPU.ActiveCfg = Release|Any CPU
		{CFB3BE84-E6F2-4D17-BED4-C93DB5E0CFC4}.Release|Any CPU.Build.0 = Release|Any CPU
		{CFB3BE84-E6F2-4D17-BED4-C93DB5E0CFC4}.Release|ARM.ActiveCfg = Release|Any CPU
		{CFB3BE84-E6F2-4D17-BED4-C93DB5E0CFC4}.Release|ARM.Build.0 = Release|Any CPU
		{CFB3BE84-E6F2-4D17-BED4-C93DB5E0CFC4}.Release|x64.ActiveCfg = Release|Any CPU
		{CFB3BE84-E6F2-4D17-BED4-C93DB5E0CFC4}.Release|x64.Build.0 = Release|Any CPU
		{CFB3BE84-E6F2-4D17-BED4-C93DB5E0CFC4}.Release|x86.ActiveCfg = Release|Any CPU
		{CFB3BE84-E6F2-4D17-BED4-C93DB5E0CFC4}.Release|x86.Build.0 = Release|Any CPU
		{5912AAAD-1421-4D1E-A09F-9ED9F969BF68}.Debug|Any CPU.ActiveCfg = Debug|Any CPU
		{5912AAAD-1421-4D1E-A09F-9ED9F969BF68}.Debug|Any CPU.Build.0 = Debug|Any CPU
		{5912AAAD-1421-4D1E-A09F-9ED9F969BF68}.Debug|ARM.ActiveCfg = Debug|Any CPU
		{5912AAAD-1421-4D1E-A09F-9ED9F969BF68}.Debug|ARM.Build.0 = Debug|Any CPU
		{5912AAAD-1421-4D1E-A09F-9ED9F969BF68}.Debug|x64.ActiveCfg = Debug|Any CPU
		{5912AAAD-1421-4D1E-A09F-9ED9F969BF68}.Debug|x64.Build.0 = Debug|Any CPU
		{5912AAAD-1421-4D1E-A09F-9ED9F969BF68}.Debug|x86.ActiveCfg = Debug|Any CPU
		{5912AAAD-1421-4D1E-A09F-9ED9F969BF68}.Debug|x86.Build.0 = Debug|Any CPU
		{5912AAAD-1421-4D1E-A09F-9ED9F969BF68}.Release|Any CPU.ActiveCfg = Release|Any CPU
		{5912AAAD-1421-4D1E-A09F-9ED9F969BF68}.Release|Any CPU.Build.0 = Release|Any CPU
		{5912AAAD-1421-4D1E-A09F-9ED9F969BF68}.Release|ARM.ActiveCfg = Release|Any CPU
		{5912AAAD-1421-4D1E-A09F-9ED9F969BF68}.Release|ARM.Build.0 = Release|Any CPU
		{5912AAAD-1421-4D1E-A09F-9ED9F969BF68}.Release|x64.ActiveCfg = Release|Any CPU
		{5912AAAD-1421-4D1E-A09F-9ED9F969BF68}.Release|x64.Build.0 = Release|Any CPU
		{5912AAAD-1421-4D1E-A09F-9ED9F969BF68}.Release|x86.ActiveCfg = Release|Any CPU
		{5912AAAD-1421-4D1E-A09F-9ED9F969BF68}.Release|x86.Build.0 = Release|Any CPU
		{95AAF947-EB19-4EF2-B7C3-4DD06408C820}.Debug|Any CPU.ActiveCfg = Debug|Any CPU
		{95AAF947-EB19-4EF2-B7C3-4DD06408C820}.Debug|Any CPU.Build.0 = Debug|Any CPU
		{95AAF947-EB19-4EF2-B7C3-4DD06408C820}.Debug|ARM.ActiveCfg = Debug|Any CPU
		{95AAF947-EB19-4EF2-B7C3-4DD06408C820}.Debug|ARM.Build.0 = Debug|Any CPU
		{95AAF947-EB19-4EF2-B7C3-4DD06408C820}.Debug|x64.ActiveCfg = Debug|Any CPU
		{95AAF947-EB19-4EF2-B7C3-4DD06408C820}.Debug|x64.Build.0 = Debug|Any CPU
		{95AAF947-EB19-4EF2-B7C3-4DD06408C820}.Debug|x86.ActiveCfg = Debug|Any CPU
		{95AAF947-EB19-4EF2-B7C3-4DD06408C820}.Debug|x86.Build.0 = Debug|Any CPU
		{95AAF947-EB19-4EF2-B7C3-4DD06408C820}.Release|Any CPU.ActiveCfg = Release|Any CPU
		{95AAF947-EB19-4EF2-B7C3-4DD06408C820}.Release|Any CPU.Build.0 = Release|Any CPU
		{95AAF947-EB19-4EF2-B7C3-4DD06408C820}.Release|ARM.ActiveCfg = Release|Any CPU
		{95AAF947-EB19-4EF2-B7C3-4DD06408C820}.Release|ARM.Build.0 = Release|Any CPU
		{95AAF947-EB19-4EF2-B7C3-4DD06408C820}.Release|x64.ActiveCfg = Release|Any CPU
		{95AAF947-EB19-4EF2-B7C3-4DD06408C820}.Release|x64.Build.0 = Release|Any CPU
		{95AAF947-EB19-4EF2-B7C3-4DD06408C820}.Release|x86.ActiveCfg = Release|Any CPU
		{95AAF947-EB19-4EF2-B7C3-4DD06408C820}.Release|x86.Build.0 = Release|Any CPU
		{561AD83B-1836-4FB9-9F4D-A78D3808C9FC}.Debug|Any CPU.ActiveCfg = Debug|Any CPU
		{561AD83B-1836-4FB9-9F4D-A78D3808C9FC}.Debug|Any CPU.Build.0 = Debug|Any CPU
		{561AD83B-1836-4FB9-9F4D-A78D3808C9FC}.Debug|ARM.ActiveCfg = Debug|Any CPU
		{561AD83B-1836-4FB9-9F4D-A78D3808C9FC}.Debug|ARM.Build.0 = Debug|Any CPU
		{561AD83B-1836-4FB9-9F4D-A78D3808C9FC}.Debug|x64.ActiveCfg = Debug|Any CPU
		{561AD83B-1836-4FB9-9F4D-A78D3808C9FC}.Debug|x64.Build.0 = Debug|Any CPU
		{561AD83B-1836-4FB9-9F4D-A78D3808C9FC}.Debug|x86.ActiveCfg = Debug|Any CPU
		{561AD83B-1836-4FB9-9F4D-A78D3808C9FC}.Debug|x86.Build.0 = Debug|Any CPU
		{561AD83B-1836-4FB9-9F4D-A78D3808C9FC}.Release|Any CPU.ActiveCfg = Release|Any CPU
		{561AD83B-1836-4FB9-9F4D-A78D3808C9FC}.Release|Any CPU.Build.0 = Release|Any CPU
		{561AD83B-1836-4FB9-9F4D-A78D3808C9FC}.Release|ARM.ActiveCfg = Release|Any CPU
		{561AD83B-1836-4FB9-9F4D-A78D3808C9FC}.Release|ARM.Build.0 = Release|Any CPU
		{561AD83B-1836-4FB9-9F4D-A78D3808C9FC}.Release|x64.ActiveCfg = Release|Any CPU
		{561AD83B-1836-4FB9-9F4D-A78D3808C9FC}.Release|x64.Build.0 = Release|Any CPU
		{561AD83B-1836-4FB9-9F4D-A78D3808C9FC}.Release|x86.ActiveCfg = Release|Any CPU
		{561AD83B-1836-4FB9-9F4D-A78D3808C9FC}.Release|x86.Build.0 = Release|Any CPU
		{0693F8A7-ED6D-4B20-ABD8-A13E67F4CEFF}.Debug|Any CPU.ActiveCfg = Debug|Any CPU
		{0693F8A7-ED6D-4B20-ABD8-A13E67F4CEFF}.Debug|Any CPU.Build.0 = Debug|Any CPU
		{0693F8A7-ED6D-4B20-ABD8-A13E67F4CEFF}.Debug|ARM.ActiveCfg = Debug|Any CPU
		{0693F8A7-ED6D-4B20-ABD8-A13E67F4CEFF}.Debug|ARM.Build.0 = Debug|Any CPU
		{0693F8A7-ED6D-4B20-ABD8-A13E67F4CEFF}.Debug|x64.ActiveCfg = Debug|Any CPU
		{0693F8A7-ED6D-4B20-ABD8-A13E67F4CEFF}.Debug|x64.Build.0 = Debug|Any CPU
		{0693F8A7-ED6D-4B20-ABD8-A13E67F4CEFF}.Debug|x86.ActiveCfg = Debug|Any CPU
		{0693F8A7-ED6D-4B20-ABD8-A13E67F4CEFF}.Debug|x86.Build.0 = Debug|Any CPU
		{0693F8A7-ED6D-4B20-ABD8-A13E67F4CEFF}.Release|Any CPU.ActiveCfg = Release|Any CPU
		{0693F8A7-ED6D-4B20-ABD8-A13E67F4CEFF}.Release|Any CPU.Build.0 = Release|Any CPU
		{0693F8A7-ED6D-4B20-ABD8-A13E67F4CEFF}.Release|ARM.ActiveCfg = Release|Any CPU
		{0693F8A7-ED6D-4B20-ABD8-A13E67F4CEFF}.Release|ARM.Build.0 = Release|Any CPU
		{0693F8A7-ED6D-4B20-ABD8-A13E67F4CEFF}.Release|x64.ActiveCfg = Release|Any CPU
		{0693F8A7-ED6D-4B20-ABD8-A13E67F4CEFF}.Release|x64.Build.0 = Release|Any CPU
		{0693F8A7-ED6D-4B20-ABD8-A13E67F4CEFF}.Release|x86.ActiveCfg = Release|Any CPU
		{0693F8A7-ED6D-4B20-ABD8-A13E67F4CEFF}.Release|x86.Build.0 = Release|Any CPU
		{873785B2-5C57-40E4-A26C-FAC98EC5BECD}.Debug|Any CPU.ActiveCfg = Debug|Any CPU
		{873785B2-5C57-40E4-A26C-FAC98EC5BECD}.Debug|Any CPU.Build.0 = Debug|Any CPU
		{873785B2-5C57-40E4-A26C-FAC98EC5BECD}.Debug|ARM.ActiveCfg = Debug|Any CPU
		{873785B2-5C57-40E4-A26C-FAC98EC5BECD}.Debug|ARM.Build.0 = Debug|Any CPU
		{873785B2-5C57-40E4-A26C-FAC98EC5BECD}.Debug|x64.ActiveCfg = Debug|Any CPU
		{873785B2-5C57-40E4-A26C-FAC98EC5BECD}.Debug|x64.Build.0 = Debug|Any CPU
		{873785B2-5C57-40E4-A26C-FAC98EC5BECD}.Debug|x86.ActiveCfg = Debug|Any CPU
		{873785B2-5C57-40E4-A26C-FAC98EC5BECD}.Debug|x86.Build.0 = Debug|Any CPU
		{873785B2-5C57-40E4-A26C-FAC98EC5BECD}.Release|Any CPU.ActiveCfg = Release|Any CPU
		{873785B2-5C57-40E4-A26C-FAC98EC5BECD}.Release|Any CPU.Build.0 = Release|Any CPU
		{873785B2-5C57-40E4-A26C-FAC98EC5BECD}.Release|ARM.ActiveCfg = Release|Any CPU
		{873785B2-5C57-40E4-A26C-FAC98EC5BECD}.Release|ARM.Build.0 = Release|Any CPU
		{873785B2-5C57-40E4-A26C-FAC98EC5BECD}.Release|x64.ActiveCfg = Release|Any CPU
		{873785B2-5C57-40E4-A26C-FAC98EC5BECD}.Release|x64.Build.0 = Release|Any CPU
		{873785B2-5C57-40E4-A26C-FAC98EC5BECD}.Release|x86.ActiveCfg = Release|Any CPU
		{873785B2-5C57-40E4-A26C-FAC98EC5BECD}.Release|x86.Build.0 = Release|Any CPU
	EndGlobalSection
	GlobalSection(SolutionProperties) = preSolution
		HideSolutionNode = FALSE
	EndGlobalSection
	GlobalSection(NestedProjects) = preSolution
		{85190989-7D73-4B21-9225-AD02FE14D9C2} = {80FD2672-3557-48BD-BA73-3952E2D57B22}
		{DAEDB71A-91E2-48F1-ACE4-3CBCF325F572} = {F1B29462-75DC-4226-8333-CABECAE02934}
		{92853F03-B70B-4112-88FD-E2106054AC7A} = {8CDD4A4D-986A-4422-BEEC-6C67F6AD4A27}
		{1741D85A-E2E6-425A-B2C5-632701D3D060} = {92853F03-B70B-4112-88FD-E2106054AC7A}
		{613D12C2-41D5-4DC9-80D2-DF18A1658E00} = {8CDD4A4D-986A-4422-BEEC-6C67F6AD4A27}
		{CFB3BE84-E6F2-4D17-BED4-C93DB5E0CFC4} = {613D12C2-41D5-4DC9-80D2-DF18A1658E00}
		{5912AAAD-1421-4D1E-A09F-9ED9F969BF68} = {613D12C2-41D5-4DC9-80D2-DF18A1658E00}
		{600E27CC-F96B-4950-AE62-17575C7A8EB0} = {8CDD4A4D-986A-4422-BEEC-6C67F6AD4A27}
		{95AAF947-EB19-4EF2-B7C3-4DD06408C820} = {600E27CC-F96B-4950-AE62-17575C7A8EB0}
		{FE33B8E8-7D75-4449-BAAB-95E830FBEF47} = {8CDD4A4D-986A-4422-BEEC-6C67F6AD4A27}
		{561AD83B-1836-4FB9-9F4D-A78D3808C9FC} = {FE33B8E8-7D75-4449-BAAB-95E830FBEF47}
		{6C3C2DD8-856F-4862-823C-0CEB535F97E7} = {8CDD4A4D-986A-4422-BEEC-6C67F6AD4A27}
		{D934889B-42F8-4977-AF78-A4865FB91699} = {6C3C2DD8-856F-4862-823C-0CEB535F97E7}
		{0693F8A7-ED6D-4B20-ABD8-A13E67F4CEFF} = {D934889B-42F8-4977-AF78-A4865FB91699}
		{873785B2-5C57-40E4-A26C-FAC98EC5BECD} = {D934889B-42F8-4977-AF78-A4865FB91699}
		{C0B9321F-5E41-4D08-B7BB-A041E10AA8E0} = {8CDD4A4D-986A-4422-BEEC-6C67F6AD4A27}
	EndGlobalSection
EndGlobal
