
Microsoft Visual Studio Solution File, Format Version 12.00
# Visual Studio 15
VisualStudioVersion = 15.0.26430.12
MinimumVisualStudioVersion = 10.0.40219.1
Project("{2150E333-8FDC-42A3-9474-1A3956D46DE8}") = "Lib", "Lib", "{80FD2672-3557-48BD-BA73-3952E2D57B22}"
EndProject
Project("{2150E333-8FDC-42A3-9474-1A3956D46DE8}") = "Tests", "Tests", "{F1B29462-75DC-4226-8333-CABECAE02934}"
EndProject
Project("{2150E333-8FDC-42A3-9474-1A3956D46DE8}") = "SolutionItems", "SolutionItems", "{10581989-9112-4BA6-8C4F-F2A2F1B8B1B5}"
	ProjectSection(SolutionItems) = preProject
		appveyor.yml = appveyor.yml
		AUTHORS.md = AUTHORS.md
		Changelog.md = Changelog.md
		coding_style.md = coding_style.md
		CONTRIBUTING.md = CONTRIBUTING.md
		.github\ISSUE_TEMPLATE.md = .github\ISSUE_TEMPLATE.md
		LICENSE.md = LICENSE.md
		PublishRelease.txt = PublishRelease.txt
		README.md = README.md
		Source\Lib\TraktApiSharp\TraktApiSharp-v1.0.0-alpha3.nuspec = Source\Lib\TraktApiSharp\TraktApiSharp-v1.0.0-alpha3.nuspec
		Source\Lib\TraktApiSharp\TraktApiSharp.nuspec = Source\Lib\TraktApiSharp\TraktApiSharp.nuspec
	EndProjectSection
EndProject
Project("{9A19103F-16F7-4668-BE54-9A1E7A4F7556}") = "Trakt.NET", "Source\Lib\Trakt.NET\Trakt.NET.csproj", "{10F945DA-7196-493A-990C-DEE34B23F575}"
EndProject
Project("{FAE04EC0-301F-11D3-BF4B-00C04F79EFBC}") = "Trakt.NET.Tests", "Source\Tests\Trakt.NET.Tests\Trakt.NET.Tests.csproj", "{1320D3F8-47CC-49F2-B1AE-2F9C06F85368}"
EndProject
Global
	GlobalSection(SolutionConfigurationPlatforms) = preSolution
		Debug|Any CPU = Debug|Any CPU
		Debug|ARM = Debug|ARM
		Debug|x64 = Debug|x64
		Debug|x86 = Debug|x86
		Release|Any CPU = Release|Any CPU
		Release|ARM = Release|ARM
		Release|x64 = Release|x64
		Release|x86 = Release|x86
	EndGlobalSection
	GlobalSection(ProjectConfigurationPlatforms) = postSolution
		{10F945DA-7196-493A-990C-DEE34B23F575}.Debug|Any CPU.ActiveCfg = Debug|Any CPU
		{10F945DA-7196-493A-990C-DEE34B23F575}.Debug|Any CPU.Build.0 = Debug|Any CPU
		{10F945DA-7196-493A-990C-DEE34B23F575}.Debug|ARM.ActiveCfg = Debug|Any CPU
		{10F945DA-7196-493A-990C-DEE34B23F575}.Debug|ARM.Build.0 = Debug|Any CPU
		{10F945DA-7196-493A-990C-DEE34B23F575}.Debug|x64.ActiveCfg = Debug|Any CPU
		{10F945DA-7196-493A-990C-DEE34B23F575}.Debug|x64.Build.0 = Debug|Any CPU
		{10F945DA-7196-493A-990C-DEE34B23F575}.Debug|x86.ActiveCfg = Debug|Any CPU
		{10F945DA-7196-493A-990C-DEE34B23F575}.Debug|x86.Build.0 = Debug|Any CPU
		{10F945DA-7196-493A-990C-DEE34B23F575}.Release|Any CPU.ActiveCfg = Release|Any CPU
		{10F945DA-7196-493A-990C-DEE34B23F575}.Release|Any CPU.Build.0 = Release|Any CPU
		{10F945DA-7196-493A-990C-DEE34B23F575}.Release|ARM.ActiveCfg = Release|Any CPU
		{10F945DA-7196-493A-990C-DEE34B23F575}.Release|ARM.Build.0 = Release|Any CPU
		{10F945DA-7196-493A-990C-DEE34B23F575}.Release|x64.ActiveCfg = Release|Any CPU
		{10F945DA-7196-493A-990C-DEE34B23F575}.Release|x64.Build.0 = Release|Any CPU
		{10F945DA-7196-493A-990C-DEE34B23F575}.Release|x86.ActiveCfg = Release|Any CPU
		{10F945DA-7196-493A-990C-DEE34B23F575}.Release|x86.Build.0 = Release|Any CPU
		{1320D3F8-47CC-49F2-B1AE-2F9C06F85368}.Debug|Any CPU.ActiveCfg = Debug|Any CPU
		{1320D3F8-47CC-49F2-B1AE-2F9C06F85368}.Debug|Any CPU.Build.0 = Debug|Any CPU
		{1320D3F8-47CC-49F2-B1AE-2F9C06F85368}.Debug|ARM.ActiveCfg = Debug|Any CPU
		{1320D3F8-47CC-49F2-B1AE-2F9C06F85368}.Debug|ARM.Build.0 = Debug|Any CPU
		{1320D3F8-47CC-49F2-B1AE-2F9C06F85368}.Debug|x64.ActiveCfg = Debug|Any CPU
		{1320D3F8-47CC-49F2-B1AE-2F9C06F85368}.Debug|x64.Build.0 = Debug|Any CPU
		{1320D3F8-47CC-49F2-B1AE-2F9C06F85368}.Debug|x86.ActiveCfg = Debug|Any CPU
		{1320D3F8-47CC-49F2-B1AE-2F9C06F85368}.Debug|x86.Build.0 = Debug|Any CPU
		{1320D3F8-47CC-49F2-B1AE-2F9C06F85368}.Release|Any CPU.ActiveCfg = Release|Any CPU
		{1320D3F8-47CC-49F2-B1AE-2F9C06F85368}.Release|Any CPU.Build.0 = Release|Any CPU
		{1320D3F8-47CC-49F2-B1AE-2F9C06F85368}.Release|ARM.ActiveCfg = Release|Any CPU
		{1320D3F8-47CC-49F2-B1AE-2F9C06F85368}.Release|ARM.Build.0 = Release|Any CPU
		{1320D3F8-47CC-49F2-B1AE-2F9C06F85368}.Release|x64.ActiveCfg = Release|Any CPU
		{1320D3F8-47CC-49F2-B1AE-2F9C06F85368}.Release|x64.Build.0 = Release|Any CPU
		{1320D3F8-47CC-49F2-B1AE-2F9C06F85368}.Release|x86.ActiveCfg = Release|Any CPU
		{1320D3F8-47CC-49F2-B1AE-2F9C06F85368}.Release|x86.Build.0 = Release|Any CPU
	EndGlobalSection
	GlobalSection(SolutionProperties) = preSolution
		HideSolutionNode = FALSE
	EndGlobalSection
	GlobalSection(NestedProjects) = preSolution
		{10F945DA-7196-493A-990C-DEE34B23F575} = {80FD2672-3557-48BD-BA73-3952E2D57B22}
		{1320D3F8-47CC-49F2-B1AE-2F9C06F85368} = {F1B29462-75DC-4226-8333-CABECAE02934}
	EndGlobalSection
	GlobalSection(ExtensibilityGlobals) = postSolution
		SolutionGuid = {7AA13CF5-96D7-4B15-87C0-A633B8AE18F8}
	EndGlobalSection
EndGlobal
