Microsoft Visual Studio Solution File, Format Version 12.00
# Visual Studio Version 17
VisualStudioVersion = 17.2.32317.152
MinimumVisualStudioVersion = 15.0.26124.0
Project("{2150E333-8FDC-42A3-9474-1A3956D46DE8}") = "SolutionItems", "SolutionItems", "{E4690B7D-5380-4003-99C3-2091827DB262}"
EndProject
Project("{2150E333-8FDC-42A3-9474-1A3956D46DE8}") = "Workflows", "Workflows", "{A7FA937C-9CD0-4601-A2FA-CBA2FDC1DA77}"
	ProjectSection(SolutionItems) = preProject
		..\.github\workflows\build.yml = ..\.github\workflows\build.yml
		..\.github\workflows\ci.yml = ..\.github\workflows\ci.yml
		..\.github\workflows\code-scan.yml = ..\.github\workflows\code-scan.yml
		..\.github\workflows\delete-old-packages.yml = ..\.github\workflows\delete-old-packages.yml
		..\.github\workflows\dependabot-auto-approve.yml = ..\.github\workflows\dependabot-auto-approve.yml
		..\.github\workflows\dependabot-auto-merge.yml = ..\.github\workflows\dependabot-auto-merge.yml
		..\.github\workflows\documentation.yml = ..\.github\workflows\documentation.yml
		..\.github\workflows\sonarcloud.yml = ..\.github\workflows\sonarcloud.yml
	EndProjectSection
EndProject
Project("{2150E333-8FDC-42A3-9474-1A3956D46DE8}") = "Templates", "Templates", "{E8878124-ADAC-493E-9ECC-8BF405D431AB}"
	ProjectSection(SolutionItems) = preProject
		..\.github\ISSUE_TEMPLATE\bug_report.yml = ..\.github\ISSUE_TEMPLATE\bug_report.yml
		..\.github\ISSUE_TEMPLATE\config.yml = ..\.github\ISSUE_TEMPLATE\config.yml
		..\.github\ISSUE_TEMPLATE\feature_request.yml = ..\.github\ISSUE_TEMPLATE\feature_request.yml
		..\.github\PULL_REQUEST_TEMPLATE.md = ..\.github\PULL_REQUEST_TEMPLATE.md
	EndProjectSection
EndProject
Project("{2150E333-8FDC-42A3-9474-1A3956D46DE8}") = "Git", "Git", "{695F47B0-A80E-4846-AF96-5573F48093E1}"
	ProjectSection(SolutionItems) = preProject
		..\.gitattributes = ..\.gitattributes
		..\.gitignore = ..\.gitignore
	EndProjectSection
EndProject
Project("{2150E333-8FDC-42A3-9474-1A3956D46DE8}") = "Changelogs", "Changelogs", "{8315C2AB-046F-4BE5-B417-E4CB97AA6A34}"
	ProjectSection(SolutionItems) = preProject
		..\Changelogs\old-versions.md = ..\Changelogs\old-versions.md
		..\Changelogs\v1.2.0.md = ..\Changelogs\v1.2.0.md
		..\Changelogs\v1.3.0.md = ..\Changelogs\v1.3.0.md
		..\Changelogs\v1.4.0.md = ..\Changelogs\v1.4.0.md
	EndProjectSection
EndProject
Project("{2150E333-8FDC-42A3-9474-1A3956D46DE8}") = "Contributing", "Contributing", "{EDB5D86C-D40A-4481-AE9E-97C456190749}"
	ProjectSection(SolutionItems) = preProject
		..\CODE_OF_CONDUCT.md = ..\CODE_OF_CONDUCT.md
		..\coding_style.md = ..\coding_style.md
		..\CONTRIBUTING.md = ..\CONTRIBUTING.md
	EndProjectSection
EndProject
Project("{2150E333-8FDC-42A3-9474-1A3956D46DE8}") = "Information", "Information", "{02EDFC5A-10AE-4653-AF73-F0C2E30CFFB3}"
	ProjectSection(SolutionItems) = preProject
		..\AUTHORS.md = ..\AUTHORS.md
		..\.github\CODEOWNERS = ..\.github\CODEOWNERS
		..\LICENSE.md = ..\LICENSE.md
		..\README.md = ..\README.md
	EndProjectSection
EndProject
Project("{2150E333-8FDC-42A3-9474-1A3956D46DE8}") = "Directory Build Properties", "Directory Build Properties", "{3DC8C555-C99D-4991-B74A-C75E966703DB}"
	ProjectSection(SolutionItems) = preProject
		Directory.Build.props = Directory.Build.props
		Directory.Build.targets = Directory.Build.targets
	EndProjectSection
EndProject
Project("{2150E333-8FDC-42A3-9474-1A3956D46DE8}") = "Version", "Version", "{565BDF15-9747-4793-AE1A-70D5E0F04FB0}"
	ProjectSection(SolutionItems) = preProject
		version.json = version.json
	EndProjectSection
EndProject
Project("{2150E333-8FDC-42A3-9474-1A3956D46DE8}") = "Editor Config", "Editor Config", "{818576FB-5FF1-430E-A6A6-CDEB87536F03}"
	ProjectSection(SolutionItems) = preProject
		..\.editorconfig = ..\.editorconfig
	EndProjectSection
EndProject
Project("{2150E333-8FDC-42A3-9474-1A3956D46DE8}") = "libs", "libs", "{E7B2A7FC-F550-4546-8F2C-6FC9AA49F6B5}"
EndProject
Project("{9A19103F-16F7-4668-BE54-9A1E7A4F7556}") = "Trakt.NET", "libs\Trakt.NET\Trakt.NET.csproj", "{B8E93AC4-B8E3-4DD9-8DF2-81AD047D9248}"
EndProject
Project("{2150E333-8FDC-42A3-9474-1A3956D46DE8}") = "libs", "libs", "{377A7F6A-A4B9-45F6-AB2A-492F0E1F71AD}"
	ProjectSection(SolutionItems) = preProject
		libs\Directory.Build.props = libs\Directory.Build.props
	EndProjectSection
EndProject
Project("{2150E333-8FDC-42A3-9474-1A3956D46DE8}") = "tests", "tests", "{12789CC6-7A48-4C0C-9E4E-3DCF6F2056B9}"
	ProjectSection(SolutionItems) = preProject
		tests\Directory.Build.props = tests\Directory.Build.props
	EndProjectSection
EndProject
Project("{2150E333-8FDC-42A3-9474-1A3956D46DE8}") = "tests", "tests", "{0BCCCEE2-F3F0-41AF-855E-0671CC966898}"
EndProject
Project("{9A19103F-16F7-4668-BE54-9A1E7A4F7556}") = "Trakt.NET.Core.Tests", "tests\Trakt.NET.Core.Tests\Trakt.NET.Core.Tests.csproj", "{BDB5D945-5E7D-43B2-B95C-93CF115EE252}"
EndProject
Project("{2150E333-8FDC-42A3-9474-1A3956D46DE8}") = "tools", "tools", "{AEDBA600-CDF3-4DDD-8506-AA04C49884E2}"
EndProject
Project("{2150E333-8FDC-42A3-9474-1A3956D46DE8}") = "tools", "tools", "{F9B8AD43-FEDA-408C-B843-1D1A03ED827E}"
	ProjectSection(SolutionItems) = preProject
		tools\Directory.Build.props = tools\Directory.Build.props
	EndProjectSection
EndProject
Project("{2150E333-8FDC-42A3-9474-1A3956D46DE8}") = "frameworks", "frameworks", "{4DE4B89E-B794-47B3-AC99-F9EBC64E635C}"
EndProject
Project("{9A19103F-16F7-4668-BE54-9A1E7A4F7556}") = "Trakt.NET.Framework.NET8", "tests\frameworks\Trakt.NET.Framework.NET8\Trakt.NET.Framework.NET8.csproj", "{52C63B3B-A8A8-41F3-9092-ED13D13B3598}"
EndProject
Project("{2150E333-8FDC-42A3-9474-1A3956D46DE8}") = "frameworks", "frameworks", "{74374985-BB3F-4CBF-8EB1-FCE266BCB0B0}"
	ProjectSection(SolutionItems) = preProject
		tests\frameworks\Directory.Build.props = tests\frameworks\Directory.Build.props
	EndProjectSection
EndProject
Project("{9A19103F-16F7-4668-BE54-9A1E7A4F7556}") = "Trakt.NET.Framework.NET7", "tests\frameworks\Trakt.NET.Framework.NET7\Trakt.NET.Framework.NET7.csproj", "{89CFFACB-C7CA-403D-A423-5EEEF032F2AD}"
EndProject
Project("{9A19103F-16F7-4668-BE54-9A1E7A4F7556}") = "Trakt.NET.Framework.NET6", "tests\frameworks\Trakt.NET.Framework.NET6\Trakt.NET.Framework.NET6.csproj", "{B5A6A418-B7E8-4CF7-8C6D-BAA64EBC19B6}"
EndProject
Project("{9A19103F-16F7-4668-BE54-9A1E7A4F7556}") = "Trakt.NET.Framework.NET5", "tests\frameworks\Trakt.NET.Framework.NET5\Trakt.NET.Framework.NET5.csproj", "{849A0ADA-6722-4FB1-9C36-236ADE620D76}"
EndProject
Project("{9A19103F-16F7-4668-BE54-9A1E7A4F7556}") = "Trakt.NET.Framework.NETStandard2.0", "tests\frameworks\Trakt.NET.Framework.NETStandard2.0\Trakt.NET.Framework.NETStandard2.0.csproj", "{182135AB-A02B-41C2-94B2-D977AB29753F}"
EndProject
Project("{9A19103F-16F7-4668-BE54-9A1E7A4F7556}") = "Trakt.NET.Framework.NETStandard2.1", "tests\frameworks\Trakt.NET.Framework.NETStandard2.1\Trakt.NET.Framework.NETStandard2.1.csproj", "{CCC3FA9E-8E2B-4DDF-9357-9C7E3E1D8896}"
EndProject
Project("{FAE04EC0-301F-11D3-BF4B-00C04F79EFBC}") = "Trakt.NET.Framework.NETFramework4.8.1", "tests\frameworks\Trakt.NET.Framework.NETFramework4.8.1\Trakt.NET.Framework.NETFramework4.8.1.csproj", "{02DE482F-023E-455B-B2E2-D2906F6B1347}"
EndProject
Project("{FAE04EC0-301F-11D3-BF4B-00C04F79EFBC}") = "Trakt.NET.Framework.NETFramework4.7.2", "tests\frameworks\Trakt.NET.Framework.NETFramework4.7.2\Trakt.NET.Framework.NETFramework4.7.2.csproj", "{3A0964B3-1C6D-4349-81C8-8C4CC6C26328}"
EndProject
Project("{9A19103F-16F7-4668-BE54-9A1E7A4F7556}") = "Trakt.NET.Json.Tests", "tests\Trakt.NET.Json.Tests\Trakt.NET.Json.Tests.csproj", "{88C965D4-9D4B-4AF5-86FD-98937AB44013}"
EndProject
Project("{2150E333-8FDC-42A3-9474-1A3956D46DE8}") = "sourcegenerators", "sourcegenerators", "{339610A0-5188-4EAE-B614-194ECC07735B}"
EndProject
Project("{9A19103F-16F7-4668-BE54-9A1E7A4F7556}") = "Trakt.NET.SourceGenerators", "tools\sourcegenerators\Trakt.NET.SourceGenerators\Trakt.NET.SourceGenerators.csproj", "{08F3E34D-6355-4C5F-A07B-7E72235B20F9}"
EndProject
Project("{9A19103F-16F7-4668-BE54-9A1E7A4F7556}") = "Trakt.NET.Tests.Utility", "tests\Trakt.NET.Tests.Utility\Trakt.NET.Tests.Utility.csproj", "{908AAA3F-9E5E-4B34-BE13-00F8D2A1710A}"
EndProject
Global
	GlobalSection(SolutionConfigurationPlatforms) = preSolution
		Debug|Any CPU = Debug|Any CPU
		Release|Any CPU = Release|Any CPU
	EndGlobalSection
	GlobalSection(ProjectConfigurationPlatforms) = postSolution
		{B8E93AC4-B8E3-4DD9-8DF2-81AD047D9248}.Debug|Any CPU.ActiveCfg = Debug|Any CPU
		{B8E93AC4-B8E3-4DD9-8DF2-81AD047D9248}.Debug|Any CPU.Build.0 = Debug|Any CPU
		{B8E93AC4-B8E3-4DD9-8DF2-81AD047D9248}.Release|Any CPU.ActiveCfg = Release|Any CPU
		{B8E93AC4-B8E3-4DD9-8DF2-81AD047D9248}.Release|Any CPU.Build.0 = Release|Any CPU
		{BDB5D945-5E7D-43B2-B95C-93CF115EE252}.Debug|Any CPU.ActiveCfg = Debug|Any CPU
		{BDB5D945-5E7D-43B2-B95C-93CF115EE252}.Debug|Any CPU.Build.0 = Debug|Any CPU
		{BDB5D945-5E7D-43B2-B95C-93CF115EE252}.Release|Any CPU.ActiveCfg = Release|Any CPU
		{BDB5D945-5E7D-43B2-B95C-93CF115EE252}.Release|Any CPU.Build.0 = Release|Any CPU
		{52C63B3B-A8A8-41F3-9092-ED13D13B3598}.Debug|Any CPU.ActiveCfg = Debug|Any CPU
		{52C63B3B-A8A8-41F3-9092-ED13D13B3598}.Debug|Any CPU.Build.0 = Debug|Any CPU
		{52C63B3B-A8A8-41F3-9092-ED13D13B3598}.Release|Any CPU.ActiveCfg = Release|Any CPU
		{52C63B3B-A8A8-41F3-9092-ED13D13B3598}.Release|Any CPU.Build.0 = Release|Any CPU
		{89CFFACB-C7CA-403D-A423-5EEEF032F2AD}.Debug|Any CPU.ActiveCfg = Debug|Any CPU
		{89CFFACB-C7CA-403D-A423-5EEEF032F2AD}.Debug|Any CPU.Build.0 = Debug|Any CPU
		{89CFFACB-C7CA-403D-A423-5EEEF032F2AD}.Release|Any CPU.ActiveCfg = Release|Any CPU
		{89CFFACB-C7CA-403D-A423-5EEEF032F2AD}.Release|Any CPU.Build.0 = Release|Any CPU
		{B5A6A418-B7E8-4CF7-8C6D-BAA64EBC19B6}.Debug|Any CPU.ActiveCfg = Debug|Any CPU
		{B5A6A418-B7E8-4CF7-8C6D-BAA64EBC19B6}.Debug|Any CPU.Build.0 = Debug|Any CPU
		{B5A6A418-B7E8-4CF7-8C6D-BAA64EBC19B6}.Release|Any CPU.ActiveCfg = Release|Any CPU
		{B5A6A418-B7E8-4CF7-8C6D-BAA64EBC19B6}.Release|Any CPU.Build.0 = Release|Any CPU
		{849A0ADA-6722-4FB1-9C36-236ADE620D76}.Debug|Any CPU.ActiveCfg = Debug|Any CPU
		{849A0ADA-6722-4FB1-9C36-236ADE620D76}.Debug|Any CPU.Build.0 = Debug|Any CPU
		{849A0ADA-6722-4FB1-9C36-236ADE620D76}.Release|Any CPU.ActiveCfg = Release|Any CPU
		{849A0ADA-6722-4FB1-9C36-236ADE620D76}.Release|Any CPU.Build.0 = Release|Any CPU
		{182135AB-A02B-41C2-94B2-D977AB29753F}.Debug|Any CPU.ActiveCfg = Debug|Any CPU
		{182135AB-A02B-41C2-94B2-D977AB29753F}.Debug|Any CPU.Build.0 = Debug|Any CPU
		{182135AB-A02B-41C2-94B2-D977AB29753F}.Release|Any CPU.ActiveCfg = Release|Any CPU
		{182135AB-A02B-41C2-94B2-D977AB29753F}.Release|Any CPU.Build.0 = Release|Any CPU
		{CCC3FA9E-8E2B-4DDF-9357-9C7E3E1D8896}.Debug|Any CPU.ActiveCfg = Debug|Any CPU
		{CCC3FA9E-8E2B-4DDF-9357-9C7E3E1D8896}.Debug|Any CPU.Build.0 = Debug|Any CPU
		{CCC3FA9E-8E2B-4DDF-9357-9C7E3E1D8896}.Release|Any CPU.ActiveCfg = Release|Any CPU
		{CCC3FA9E-8E2B-4DDF-9357-9C7E3E1D8896}.Release|Any CPU.Build.0 = Release|Any CPU
		{02DE482F-023E-455B-B2E2-D2906F6B1347}.Debug|Any CPU.ActiveCfg = Debug|Any CPU
		{02DE482F-023E-455B-B2E2-D2906F6B1347}.Debug|Any CPU.Build.0 = Debug|Any CPU
		{02DE482F-023E-455B-B2E2-D2906F6B1347}.Release|Any CPU.ActiveCfg = Release|Any CPU
		{02DE482F-023E-455B-B2E2-D2906F6B1347}.Release|Any CPU.Build.0 = Release|Any CPU
		{3A0964B3-1C6D-4349-81C8-8C4CC6C26328}.Debug|Any CPU.ActiveCfg = Debug|Any CPU
		{3A0964B3-1C6D-4349-81C8-8C4CC6C26328}.Debug|Any CPU.Build.0 = Debug|Any CPU
		{3A0964B3-1C6D-4349-81C8-8C4CC6C26328}.Release|Any CPU.ActiveCfg = Release|Any CPU
		{3A0964B3-1C6D-4349-81C8-8C4CC6C26328}.Release|Any CPU.Build.0 = Release|Any CPU
		{88C965D4-9D4B-4AF5-86FD-98937AB44013}.Debug|Any CPU.ActiveCfg = Debug|Any CPU
		{88C965D4-9D4B-4AF5-86FD-98937AB44013}.Debug|Any CPU.Build.0 = Debug|Any CPU
		{88C965D4-9D4B-4AF5-86FD-98937AB44013}.Release|Any CPU.ActiveCfg = Release|Any CPU
		{88C965D4-9D4B-4AF5-86FD-98937AB44013}.Release|Any CPU.Build.0 = Release|Any CPU
		{08F3E34D-6355-4C5F-A07B-7E72235B20F9}.Debug|Any CPU.ActiveCfg = Debug|Any CPU
		{08F3E34D-6355-4C5F-A07B-7E72235B20F9}.Debug|Any CPU.Build.0 = Debug|Any CPU
		{08F3E34D-6355-4C5F-A07B-7E72235B20F9}.Release|Any CPU.ActiveCfg = Release|Any CPU
		{08F3E34D-6355-4C5F-A07B-7E72235B20F9}.Release|Any CPU.Build.0 = Release|Any CPU
		{908AAA3F-9E5E-4B34-BE13-00F8D2A1710A}.Debug|Any CPU.ActiveCfg = Debug|Any CPU
		{908AAA3F-9E5E-4B34-BE13-00F8D2A1710A}.Debug|Any CPU.Build.0 = Debug|Any CPU
		{908AAA3F-9E5E-4B34-BE13-00F8D2A1710A}.Release|Any CPU.ActiveCfg = Release|Any CPU
		{908AAA3F-9E5E-4B34-BE13-00F8D2A1710A}.Release|Any CPU.Build.0 = Release|Any CPU
	EndGlobalSection
	GlobalSection(SolutionProperties) = preSolution
		HideSolutionNode = FALSE
	EndGlobalSection
	GlobalSection(NestedProjects) = preSolution
		{A7FA937C-9CD0-4601-A2FA-CBA2FDC1DA77} = {E4690B7D-5380-4003-99C3-2091827DB262}
		{E8878124-ADAC-493E-9ECC-8BF405D431AB} = {E4690B7D-5380-4003-99C3-2091827DB262}
		{695F47B0-A80E-4846-AF96-5573F48093E1} = {E4690B7D-5380-4003-99C3-2091827DB262}
		{8315C2AB-046F-4BE5-B417-E4CB97AA6A34} = {E4690B7D-5380-4003-99C3-2091827DB262}
		{EDB5D86C-D40A-4481-AE9E-97C456190749} = {E4690B7D-5380-4003-99C3-2091827DB262}
		{02EDFC5A-10AE-4653-AF73-F0C2E30CFFB3} = {E4690B7D-5380-4003-99C3-2091827DB262}
		{3DC8C555-C99D-4991-B74A-C75E966703DB} = {E4690B7D-5380-4003-99C3-2091827DB262}
		{565BDF15-9747-4793-AE1A-70D5E0F04FB0} = {E4690B7D-5380-4003-99C3-2091827DB262}
		{818576FB-5FF1-430E-A6A6-CDEB87536F03} = {E4690B7D-5380-4003-99C3-2091827DB262}
		{B8E93AC4-B8E3-4DD9-8DF2-81AD047D9248} = {E7B2A7FC-F550-4546-8F2C-6FC9AA49F6B5}
		{377A7F6A-A4B9-45F6-AB2A-492F0E1F71AD} = {3DC8C555-C99D-4991-B74A-C75E966703DB}
		{12789CC6-7A48-4C0C-9E4E-3DCF6F2056B9} = {3DC8C555-C99D-4991-B74A-C75E966703DB}
		{BDB5D945-5E7D-43B2-B95C-93CF115EE252} = {0BCCCEE2-F3F0-41AF-855E-0671CC966898}
		{F9B8AD43-FEDA-408C-B843-1D1A03ED827E} = {3DC8C555-C99D-4991-B74A-C75E966703DB}
		{4DE4B89E-B794-47B3-AC99-F9EBC64E635C} = {0BCCCEE2-F3F0-41AF-855E-0671CC966898}
		{52C63B3B-A8A8-41F3-9092-ED13D13B3598} = {4DE4B89E-B794-47B3-AC99-F9EBC64E635C}
		{74374985-BB3F-4CBF-8EB1-FCE266BCB0B0} = {12789CC6-7A48-4C0C-9E4E-3DCF6F2056B9}
		{89CFFACB-C7CA-403D-A423-5EEEF032F2AD} = {4DE4B89E-B794-47B3-AC99-F9EBC64E635C}
		{B5A6A418-B7E8-4CF7-8C6D-BAA64EBC19B6} = {4DE4B89E-B794-47B3-AC99-F9EBC64E635C}
		{849A0ADA-6722-4FB1-9C36-236ADE620D76} = {4DE4B89E-B794-47B3-AC99-F9EBC64E635C}
		{182135AB-A02B-41C2-94B2-D977AB29753F} = {4DE4B89E-B794-47B3-AC99-F9EBC64E635C}
		{CCC3FA9E-8E2B-4DDF-9357-9C7E3E1D8896} = {4DE4B89E-B794-47B3-AC99-F9EBC64E635C}
		{02DE482F-023E-455B-B2E2-D2906F6B1347} = {4DE4B89E-B794-47B3-AC99-F9EBC64E635C}
		{3A0964B3-1C6D-4349-81C8-8C4CC6C26328} = {4DE4B89E-B794-47B3-AC99-F9EBC64E635C}
		{88C965D4-9D4B-4AF5-86FD-98937AB44013} = {0BCCCEE2-F3F0-41AF-855E-0671CC966898}
		{339610A0-5188-4EAE-B614-194ECC07735B} = {AEDBA600-CDF3-4DDD-8506-AA04C49884E2}
		{08F3E34D-6355-4C5F-A07B-7E72235B20F9} = {339610A0-5188-4EAE-B614-194ECC07735B}
		{908AAA3F-9E5E-4B34-BE13-00F8D2A1710A} = {0BCCCEE2-F3F0-41AF-855E-0671CC966898}
	EndGlobalSection
	GlobalSection(ExtensibilityGlobals) = postSolution
		SolutionGuid = {7025A39E-11A6-4587-98F7-E887B941D5A0}
	EndGlobalSection
EndGlobal
