Microsoft Visual Studio Solution File, Format Version 12.00
# Visual Studio Version 17
VisualStudioVersion = 17.2.32317.152
MinimumVisualStudioVersion = 15.0.26124.0
Project("{2150E333-8FDC-42A3-9474-1A3956D46DE8}") = "SolutionItems", "SolutionItems", "{E4690B7D-5380-4003-99C3-2091827DB262}"
EndProject
Project("{2150E333-8FDC-42A3-9474-1A3956D46DE8}") = "Workflows", "Workflows", "{A7FA937C-9CD0-4601-A2FA-CBA2FDC1DA77}"
	ProjectSection(SolutionItems) = preProject
		..\.github\workflows\build.yml = ..\.github\workflows\build.yml
		..\.github\workflows\ci.yml = ..\.github\workflows\ci.yml
		..\.github\workflows\code-scan.yml = ..\.github\workflows\code-scan.yml
		..\.github\workflows\delete-old-packages.yml = ..\.github\workflows\delete-old-packages.yml
		..\.github\workflows\dependabot-auto-approve.yml = ..\.github\workflows\dependabot-auto-approve.yml
		..\.github\workflows\dependabot-auto-merge.yml = ..\.github\workflows\dependabot-auto-merge.yml
		..\.github\workflows\documentation.yml = ..\.github\workflows\documentation.yml
		..\.github\workflows\sonarcloud.yml = ..\.github\workflows\sonarcloud.yml
	EndProjectSection
EndProject
Project("{2150E333-8FDC-42A3-9474-1A3956D46DE8}") = "Templates", "Templates", "{E8878124-ADAC-493E-9ECC-8BF405D431AB}"
	ProjectSection(SolutionItems) = preProject
		..\.github\ISSUE_TEMPLATE\bug_report.yml = ..\.github\ISSUE_TEMPLATE\bug_report.yml
		..\.github\ISSUE_TEMPLATE\config.yml = ..\.github\ISSUE_TEMPLATE\config.yml
		..\.github\ISSUE_TEMPLATE\feature_request.yml = ..\.github\ISSUE_TEMPLATE\feature_request.yml
		..\.github\PULL_REQUEST_TEMPLATE.md = ..\.github\PULL_REQUEST_TEMPLATE.md
	EndProjectSection
EndProject
Project("{2150E333-8FDC-42A3-9474-1A3956D46DE8}") = "Git", "Git", "{695F47B0-A80E-4846-AF96-5573F48093E1}"
	ProjectSection(SolutionItems) = preProject
		..\.gitattributes = ..\.gitattributes
		..\.gitignore = ..\.gitignore
	EndProjectSection
EndProject
Project("{2150E333-8FDC-42A3-9474-1A3956D46DE8}") = "Changelogs", "Changelogs", "{8315C2AB-046F-4BE5-B417-E4CB97AA6A34}"
	ProjectSection(SolutionItems) = preProject
		..\Changelogs\old-versions.md = ..\Changelogs\old-versions.md
		..\Changelogs\v1.2.0.md = ..\Changelogs\v1.2.0.md
		..\Changelogs\v1.3.0.md = ..\Changelogs\v1.3.0.md
		..\Changelogs\v1.4.0.md = ..\Changelogs\v1.4.0.md
	EndProjectSection
EndProject
Project("{2150E333-8FDC-42A3-9474-1A3956D46DE8}") = "Contributing", "Contributing", "{EDB5D86C-D40A-4481-AE9E-97C456190749}"
	ProjectSection(SolutionItems) = preProject
		..\CODE_OF_CONDUCT.md = ..\CODE_OF_CONDUCT.md
		..\coding_style.md = ..\coding_style.md
		..\CONTRIBUTING.md = ..\CONTRIBUTING.md
	EndProjectSection
EndProject
Project("{2150E333-8FDC-42A3-9474-1A3956D46DE8}") = "Information", "Information", "{02EDFC5A-10AE-4653-AF73-F0C2E30CFFB3}"
	ProjectSection(SolutionItems) = preProject
		..\AUTHORS.md = ..\AUTHORS.md
		..\.github\CODEOWNERS = ..\.github\CODEOWNERS
		..\LICENSE.md = ..\LICENSE.md
		..\README.md = ..\README.md
	EndProjectSection
EndProject
Project("{2150E333-8FDC-42A3-9474-1A3956D46DE8}") = "Directory Build Properties", "Directory Build Properties", "{3DC8C555-C99D-4991-B74A-C75E966703DB}"
	ProjectSection(SolutionItems) = preProject
		Directory.Build.props = Directory.Build.props
		Directory.Build.targets = Directory.Build.targets
		Directory.Packages.props = Directory.Packages.props
		nuget.config = nuget.config
	EndProjectSection
EndProject
Project("{2150E333-8FDC-42A3-9474-1A3956D46DE8}") = "Version", "Version", "{565BDF15-9747-4793-AE1A-70D5E0F04FB0}"
	ProjectSection(SolutionItems) = preProject
		version.json = version.json
	EndProjectSection
EndProject
Project("{2150E333-8FDC-42A3-9474-1A3956D46DE8}") = "Editor Config", "Editor Config", "{818576FB-5FF1-430E-A6A6-CDEB87536F03}"
	ProjectSection(SolutionItems) = preProject
		..\.editorconfig = ..\.editorconfig
	EndProjectSection
EndProject
Project("{2150E333-8FDC-42A3-9474-1A3956D46DE8}") = "libs", "libs", "{E7B2A7FC-F550-4546-8F2C-6FC9AA49F6B5}"
EndProject
Project("{9A19103F-16F7-4668-BE54-9A1E7A4F7556}") = "Trakt.NET", "libs\Trakt.NET\Trakt.NET.csproj", "{B8E93AC4-B8E3-4DD9-8DF2-81AD047D9248}"
EndProject
Project("{2150E333-8FDC-42A3-9474-1A3956D46DE8}") = "libs", "libs", "{377A7F6A-A4B9-45F6-AB2A-492F0E1F71AD}"
	ProjectSection(SolutionItems) = preProject
		libs\Directory.Build.props = libs\Directory.Build.props
	EndProjectSection
EndProject
Project("{2150E333-8FDC-42A3-9474-1A3956D46DE8}") = "tests", "tests", "{12789CC6-7A48-4C0C-9E4E-3DCF6F2056B9}"
	ProjectSection(SolutionItems) = preProject
		tests\Directory.Build.props = tests\Directory.Build.props
	EndProjectSection
EndProject
Project("{2150E333-8FDC-42A3-9474-1A3956D46DE8}") = "tests", "tests", "{0BCCCEE2-F3F0-41AF-855E-0671CC966898}"
EndProject
Project("{2150E333-8FDC-42A3-9474-1A3956D46DE8}") = "tools", "tools", "{AEDBA600-CDF3-4DDD-8506-AA04C49884E2}"
EndProject
Project("{2150E333-8FDC-42A3-9474-1A3956D46DE8}") = "tools", "tools", "{F9B8AD43-FEDA-408C-B843-1D1A03ED827E}"
	ProjectSection(SolutionItems) = preProject
		tools\Directory.Build.props = tools\Directory.Build.props
	EndProjectSection
EndProject
Project("{2150E333-8FDC-42A3-9474-1A3956D46DE8}") = "frameworks", "frameworks", "{4DE4B89E-B794-47B3-AC99-F9EBC64E635C}"
EndProject
Project("{2150E333-8FDC-42A3-9474-1A3956D46DE8}") = "frameworks", "frameworks", "{74374985-BB3F-4CBF-8EB1-FCE266BCB0B0}"
	ProjectSection(SolutionItems) = preProject
		tests\libs\frameworks\Directory.Build.props = tests\libs\frameworks\Directory.Build.props
	EndProjectSection
EndProject
Project("{2150E333-8FDC-42A3-9474-1A3956D46DE8}") = "sourcegeneration", "sourcegeneration", "{339610A0-5188-4EAE-B614-194ECC07735B}"
EndProject
Project("{9A19103F-16F7-4668-BE54-9A1E7A4F7556}") = "Trakt.NET.SourceGeneration", "tools\sourcegeneration\Trakt.NET.SourceGeneration\Trakt.NET.SourceGeneration.csproj", "{CEAFCE81-DA09-41F8-B984-9F4DF22053CF}"
EndProject
Project("{2150E333-8FDC-42A3-9474-1A3956D46DE8}") = "libs", "libs", "{4CAF3804-2EB9-40E5-895C-CB361564DBA1}"
	ProjectSection(SolutionItems) = preProject
		tests\libs\Directory.Build.props = tests\libs\Directory.Build.props
	EndProjectSection
EndProject
Project("{2150E333-8FDC-42A3-9474-1A3956D46DE8}") = "libs", "libs", "{50AD22EC-EB56-476B-8DCE-4AF2B5BD8B09}"
EndProject
Project("{9A19103F-16F7-4668-BE54-9A1E7A4F7556}") = "Trakt.NET.Framework.NET5", "tests\libs\frameworks\Trakt.NET.Framework.NET5\Trakt.NET.Framework.NET5.csproj", "{617540BC-6000-47DE-9AFD-31F816ED88BA}"
EndProject
Project("{9A19103F-16F7-4668-BE54-9A1E7A4F7556}") = "Trakt.NET.Framework.NET6", "tests\libs\frameworks\Trakt.NET.Framework.NET6\Trakt.NET.Framework.NET6.csproj", "{8D338264-998F-4E72-A2C1-1A0CACA5F7FB}"
EndProject
Project("{9A19103F-16F7-4668-BE54-9A1E7A4F7556}") = "Trakt.NET.Framework.NET7", "tests\libs\frameworks\Trakt.NET.Framework.NET7\Trakt.NET.Framework.NET7.csproj", "{034161EE-8285-45A6-A729-2C6416F92FC3}"
EndProject
Project("{9A19103F-16F7-4668-BE54-9A1E7A4F7556}") = "Trakt.NET.Framework.NET8", "tests\libs\frameworks\Trakt.NET.Framework.NET8\Trakt.NET.Framework.NET8.csproj", "{CEBFE2E6-B574-4F05-84B6-46D9A48C4DFA}"
EndProject
Project("{9A19103F-16F7-4668-BE54-9A1E7A4F7556}") = "Trakt.NET.Framework.NETStandard2.0", "tests\libs\frameworks\Trakt.NET.Framework.NETStandard2.0\Trakt.NET.Framework.NETStandard2.0.csproj", "{984157FC-381E-4568-9365-4002F2FFD140}"
EndProject
Project("{9A19103F-16F7-4668-BE54-9A1E7A4F7556}") = "Trakt.NET.Framework.NETStandard2.1", "tests\libs\frameworks\Trakt.NET.Framework.NETStandard2.1\Trakt.NET.Framework.NETStandard2.1.csproj", "{C2D6DA36-6E6D-4849-8F8E-35D1AB4257D1}"
EndProject
Project("{FAE04EC0-301F-11D3-BF4B-00C04F79EFBC}") = "Trakt.NET.Framework.NETFramework4.7.2", "tests\libs\frameworks\Trakt.NET.Framework.NETFramework4.7.2\Trakt.NET.Framework.NETFramework4.7.2.csproj", "{3A0964B3-1C6D-4349-81C8-8C4CC6C26328}"
EndProject
Project("{FAE04EC0-301F-11D3-BF4B-00C04F79EFBC}") = "Trakt.NET.Framework.NETFramework4.8.1", "tests\libs\frameworks\Trakt.NET.Framework.NETFramework4.8.1\Trakt.NET.Framework.NETFramework4.8.1.csproj", "{02DE482F-023E-455B-B2E2-D2906F6B1347}"
EndProject
Project("{9A19103F-16F7-4668-BE54-9A1E7A4F7556}") = "Trakt.NET.Tests.Utility", "tests\libs\Trakt.NET.Tests.Utility\Trakt.NET.Tests.Utility.csproj", "{AC4C9FA9-C78C-4BE1-A5DE-52316B70AFF0}"
EndProject
Project("{9A19103F-16F7-4668-BE54-9A1E7A4F7556}") = "Trakt.NET.Core.Tests", "tests\libs\Trakt.NET.Core.Tests\Trakt.NET.Core.Tests.csproj", "{BA566CEC-BCEF-45F0-861F-B220EF577325}"
EndProject
Project("{9A19103F-16F7-4668-BE54-9A1E7A4F7556}") = "Trakt.NET.Json.Tests", "tests\libs\Trakt.NET.Json.Tests\Trakt.NET.Json.Tests.csproj", "{54A82CFA-80AE-43F3-A4E0-24873BA37298}"
EndProject
Project("{2150E333-8FDC-42A3-9474-1A3956D46DE8}") = "tools", "tools", "{A912E1BB-614D-41EE-9C2B-67994F3D5A65}"
EndProject
Project("{2150E333-8FDC-42A3-9474-1A3956D46DE8}") = "sourcegeneration", "sourcegeneration", "{7CCCA937-44EC-4C43-9AEC-409BC790022C}"
EndProject
Project("{9A19103F-16F7-4668-BE54-9A1E7A4F7556}") = "Trakt.NET.SourceGeneration.Tests", "tests\tools\sourcegeneration\Trakt.NET.SourceGeneration.Tests\Trakt.NET.SourceGeneration.Tests.csproj", "{C479E397-69C6-4C3D-BD4D-19C8ECAB74EA}"
EndProject
Global
	GlobalSection(SolutionConfigurationPlatforms) = preSolution
		Debug|Any CPU = Debug|Any CPU
		Release|Any CPU = Release|Any CPU
	EndGlobalSection
	GlobalSection(ProjectConfigurationPlatforms) = postSolution
		{B8E93AC4-B8E3-4DD9-8DF2-81AD047D9248}.Debug|Any CPU.ActiveCfg = Debug|Any CPU
		{B8E93AC4-B8E3-4DD9-8DF2-81AD047D9248}.Debug|Any CPU.Build.0 = Debug|Any CPU
		{B8E93AC4-B8E3-4DD9-8DF2-81AD047D9248}.Release|Any CPU.ActiveCfg = Release|Any CPU
		{B8E93AC4-B8E3-4DD9-8DF2-81AD047D9248}.Release|Any CPU.Build.0 = Release|Any CPU
		{CEAFCE81-DA09-41F8-B984-9F4DF22053CF}.Debug|Any CPU.ActiveCfg = Debug|Any CPU
		{CEAFCE81-DA09-41F8-B984-9F4DF22053CF}.Debug|Any CPU.Build.0 = Debug|Any CPU
		{CEAFCE81-DA09-41F8-B984-9F4DF22053CF}.Release|Any CPU.ActiveCfg = Release|Any CPU
		{CEAFCE81-DA09-41F8-B984-9F4DF22053CF}.Release|Any CPU.Build.0 = Release|Any CPU
		{617540BC-6000-47DE-9AFD-31F816ED88BA}.Debug|Any CPU.ActiveCfg = Debug|Any CPU
		{617540BC-6000-47DE-9AFD-31F816ED88BA}.Debug|Any CPU.Build.0 = Debug|Any CPU
		{617540BC-6000-47DE-9AFD-31F816ED88BA}.Release|Any CPU.ActiveCfg = Release|Any CPU
		{617540BC-6000-47DE-9AFD-31F816ED88BA}.Release|Any CPU.Build.0 = Release|Any CPU
		{8D338264-998F-4E72-A2C1-1A0CACA5F7FB}.Debug|Any CPU.ActiveCfg = Debug|Any CPU
		{8D338264-998F-4E72-A2C1-1A0CACA5F7FB}.Debug|Any CPU.Build.0 = Debug|Any CPU
		{8D338264-998F-4E72-A2C1-1A0CACA5F7FB}.Release|Any CPU.ActiveCfg = Release|Any CPU
		{8D338264-998F-4E72-A2C1-1A0CACA5F7FB}.Release|Any CPU.Build.0 = Release|Any CPU
		{034161EE-8285-45A6-A729-2C6416F92FC3}.Debug|Any CPU.ActiveCfg = Debug|Any CPU
		{034161EE-8285-45A6-A729-2C6416F92FC3}.Debug|Any CPU.Build.0 = Debug|Any CPU
		{034161EE-8285-45A6-A729-2C6416F92FC3}.Release|Any CPU.ActiveCfg = Release|Any CPU
		{034161EE-8285-45A6-A729-2C6416F92FC3}.Release|Any CPU.Build.0 = Release|Any CPU
		{CEBFE2E6-B574-4F05-84B6-46D9A48C4DFA}.Debug|Any CPU.ActiveCfg = Debug|Any CPU
		{CEBFE2E6-B574-4F05-84B6-46D9A48C4DFA}.Debug|Any CPU.Build.0 = Debug|Any CPU
		{CEBFE2E6-B574-4F05-84B6-46D9A48C4DFA}.Release|Any CPU.ActiveCfg = Release|Any CPU
		{CEBFE2E6-B574-4F05-84B6-46D9A48C4DFA}.Release|Any CPU.Build.0 = Release|Any CPU
		{984157FC-381E-4568-9365-4002F2FFD140}.Debug|Any CPU.ActiveCfg = Debug|Any CPU
		{984157FC-381E-4568-9365-4002F2FFD140}.Debug|Any CPU.Build.0 = Debug|Any CPU
		{984157FC-381E-4568-9365-4002F2FFD140}.Release|Any CPU.ActiveCfg = Release|Any CPU
		{984157FC-381E-4568-9365-4002F2FFD140}.Release|Any CPU.Build.0 = Release|Any CPU
		{C2D6DA36-6E6D-4849-8F8E-35D1AB4257D1}.Debug|Any CPU.ActiveCfg = Debug|Any CPU
		{C2D6DA36-6E6D-4849-8F8E-35D1AB4257D1}.Debug|Any CPU.Build.0 = Debug|Any CPU
		{C2D6DA36-6E6D-4849-8F8E-35D1AB4257D1}.Release|Any CPU.ActiveCfg = Release|Any CPU
		{C2D6DA36-6E6D-4849-8F8E-35D1AB4257D1}.Release|Any CPU.Build.0 = Release|Any CPU
		{3A0964B3-1C6D-4349-81C8-8C4CC6C26328}.Debug|Any CPU.ActiveCfg = Debug|Any CPU
		{3A0964B3-1C6D-4349-81C8-8C4CC6C26328}.Debug|Any CPU.Build.0 = Debug|Any CPU
		{3A0964B3-1C6D-4349-81C8-8C4CC6C26328}.Release|Any CPU.ActiveCfg = Release|Any CPU
		{3A0964B3-1C6D-4349-81C8-8C4CC6C26328}.Release|Any CPU.Build.0 = Release|Any CPU
		{02DE482F-023E-455B-B2E2-D2906F6B1347}.Debug|Any CPU.ActiveCfg = Debug|Any CPU
		{02DE482F-023E-455B-B2E2-D2906F6B1347}.Debug|Any CPU.Build.0 = Debug|Any CPU
		{02DE482F-023E-455B-B2E2-D2906F6B1347}.Release|Any CPU.ActiveCfg = Release|Any CPU
		{02DE482F-023E-455B-B2E2-D2906F6B1347}.Release|Any CPU.Build.0 = Release|Any CPU
		{AC4C9FA9-C78C-4BE1-A5DE-52316B70AFF0}.Debug|Any CPU.ActiveCfg = Debug|Any CPU
		{AC4C9FA9-C78C-4BE1-A5DE-52316B70AFF0}.Debug|Any CPU.Build.0 = Debug|Any CPU
		{AC4C9FA9-C78C-4BE1-A5DE-52316B70AFF0}.Release|Any CPU.ActiveCfg = Release|Any CPU
		{AC4C9FA9-C78C-4BE1-A5DE-52316B70AFF0}.Release|Any CPU.Build.0 = Release|Any CPU
		{BA566CEC-BCEF-45F0-861F-B220EF577325}.Debug|Any CPU.ActiveCfg = Debug|Any CPU
		{BA566CEC-BCEF-45F0-861F-B220EF577325}.Debug|Any CPU.Build.0 = Debug|Any CPU
		{BA566CEC-BCEF-45F0-861F-B220EF577325}.Release|Any CPU.ActiveCfg = Release|Any CPU
		{BA566CEC-BCEF-45F0-861F-B220EF577325}.Release|Any CPU.Build.0 = Release|Any CPU
		{54A82CFA-80AE-43F3-A4E0-24873BA37298}.Debug|Any CPU.ActiveCfg = Debug|Any CPU
		{54A82CFA-80AE-43F3-A4E0-24873BA37298}.Debug|Any CPU.Build.0 = Debug|Any CPU
		{54A82CFA-80AE-43F3-A4E0-24873BA37298}.Release|Any CPU.ActiveCfg = Release|Any CPU
		{54A82CFA-80AE-43F3-A4E0-24873BA37298}.Release|Any CPU.Build.0 = Release|Any CPU
		{C479E397-69C6-4C3D-BD4D-19C8ECAB74EA}.Debug|Any CPU.ActiveCfg = Debug|Any CPU
		{C479E397-69C6-4C3D-BD4D-19C8ECAB74EA}.Debug|Any CPU.Build.0 = Debug|Any CPU
		{C479E397-69C6-4C3D-BD4D-19C8ECAB74EA}.Release|Any CPU.ActiveCfg = Release|Any CPU
		{C479E397-69C6-4C3D-BD4D-19C8ECAB74EA}.Release|Any CPU.Build.0 = Release|Any CPU
	EndGlobalSection
	GlobalSection(SolutionProperties) = preSolution
		HideSolutionNode = FALSE
	EndGlobalSection
	GlobalSection(NestedProjects) = preSolution
		{A7FA937C-9CD0-4601-A2FA-CBA2FDC1DA77} = {E4690B7D-5380-4003-99C3-2091827DB262}
		{E8878124-ADAC-493E-9ECC-8BF405D431AB} = {E4690B7D-5380-4003-99C3-2091827DB262}
		{695F47B0-A80E-4846-AF96-5573F48093E1} = {E4690B7D-5380-4003-99C3-2091827DB262}
		{8315C2AB-046F-4BE5-B417-E4CB97AA6A34} = {E4690B7D-5380-4003-99C3-2091827DB262}
		{EDB5D86C-D40A-4481-AE9E-97C456190749} = {E4690B7D-5380-4003-99C3-2091827DB262}
		{02EDFC5A-10AE-4653-AF73-F0C2E30CFFB3} = {E4690B7D-5380-4003-99C3-2091827DB262}
		{3DC8C555-C99D-4991-B74A-C75E966703DB} = {E4690B7D-5380-4003-99C3-2091827DB262}
		{565BDF15-9747-4793-AE1A-70D5E0F04FB0} = {E4690B7D-5380-4003-99C3-2091827DB262}
		{818576FB-5FF1-430E-A6A6-CDEB87536F03} = {E4690B7D-5380-4003-99C3-2091827DB262}
		{B8E93AC4-B8E3-4DD9-8DF2-81AD047D9248} = {E7B2A7FC-F550-4546-8F2C-6FC9AA49F6B5}
		{377A7F6A-A4B9-45F6-AB2A-492F0E1F71AD} = {3DC8C555-C99D-4991-B74A-C75E966703DB}
		{12789CC6-7A48-4C0C-9E4E-3DCF6F2056B9} = {3DC8C555-C99D-4991-B74A-C75E966703DB}
		{F9B8AD43-FEDA-408C-B843-1D1A03ED827E} = {3DC8C555-C99D-4991-B74A-C75E966703DB}
		{4DE4B89E-B794-47B3-AC99-F9EBC64E635C} = {50AD22EC-EB56-476B-8DCE-4AF2B5BD8B09}
		{74374985-BB3F-4CBF-8EB1-FCE266BCB0B0} = {4CAF3804-2EB9-40E5-895C-CB361564DBA1}
		{339610A0-5188-4EAE-B614-194ECC07735B} = {AEDBA600-CDF3-4DDD-8506-AA04C49884E2}
		{CEAFCE81-DA09-41F8-B984-9F4DF22053CF} = {339610A0-5188-4EAE-B614-194ECC07735B}
		{4CAF3804-2EB9-40E5-895C-CB361564DBA1} = {12789CC6-7A48-4C0C-9E4E-3DCF6F2056B9}
		{50AD22EC-EB56-476B-8DCE-4AF2B5BD8B09} = {0BCCCEE2-F3F0-41AF-855E-0671CC966898}
		{617540BC-6000-47DE-9AFD-31F816ED88BA} = {4DE4B89E-B794-47B3-AC99-F9EBC64E635C}
		{8D338264-998F-4E72-A2C1-1A0CACA5F7FB} = {4DE4B89E-B794-47B3-AC99-F9EBC64E635C}
		{034161EE-8285-45A6-A729-2C6416F92FC3} = {4DE4B89E-B794-47B3-AC99-F9EBC64E635C}
		{CEBFE2E6-B574-4F05-84B6-46D9A48C4DFA} = {4DE4B89E-B794-47B3-AC99-F9EBC64E635C}
		{984157FC-381E-4568-9365-4002F2FFD140} = {4DE4B89E-B794-47B3-AC99-F9EBC64E635C}
		{C2D6DA36-6E6D-4849-8F8E-35D1AB4257D1} = {4DE4B89E-B794-47B3-AC99-F9EBC64E635C}
		{3A0964B3-1C6D-4349-81C8-8C4CC6C26328} = {4DE4B89E-B794-47B3-AC99-F9EBC64E635C}
		{02DE482F-023E-455B-B2E2-D2906F6B1347} = {4DE4B89E-B794-47B3-AC99-F9EBC64E635C}
		{AC4C9FA9-C78C-4BE1-A5DE-52316B70AFF0} = {50AD22EC-EB56-476B-8DCE-4AF2B5BD8B09}
		{BA566CEC-BCEF-45F0-861F-B220EF577325} = {50AD22EC-EB56-476B-8DCE-4AF2B5BD8B09}
		{54A82CFA-80AE-43F3-A4E0-24873BA37298} = {50AD22EC-EB56-476B-8DCE-4AF2B5BD8B09}
		{A912E1BB-614D-41EE-9C2B-67994F3D5A65} = {0BCCCEE2-F3F0-41AF-855E-0671CC966898}
		{7CCCA937-44EC-4C43-9AEC-409BC790022C} = {A912E1BB-614D-41EE-9C2B-67994F3D5A65}
		{C479E397-69C6-4C3D-BD4D-19C8ECAB74EA} = {7CCCA937-44EC-4C43-9AEC-409BC790022C}
	EndGlobalSection
	GlobalSection(ExtensibilityGlobals) = postSolution
		SolutionGuid = {7025A39E-11A6-4587-98F7-E887B941D5A0}
	EndGlobalSection
EndGlobal
