
Microsoft Visual Studio Solution File, Format Version 12.00
# Visual Studio Version 17
VisualStudioVersion = 17.2.32317.152
MinimumVisualStudioVersion = 15.0.26124.0
Project("{2150E333-8FDC-42A3-9474-1A3956D46DE8}") = "Lib", "Lib", "{F07A6116-671E-4E48-85EB-8AF50F3157F5}"
EndProject
Project("{9A19103F-16F7-4668-BE54-9A1E7A4F7556}") = "Trakt.NET", "Lib\Trakt.NET\Trakt.NET.csproj", "{C3B51555-C0AF-4DA6-8D78-75B38F06B578}"
EndProject
Project("{2150E333-8FDC-42A3-9474-1A3956D46DE8}") = "Tests", "Tests", "{40C02336-96D7-4D92-9CBA-79570413DBA4}"
EndProject
Project("{9A19103F-16F7-4668-BE54-9A1E7A4F7556}") = "Trakt.NET.Core.Tests", "Tests\Trakt.NET.Core.Tests\Trakt.NET.Core.Tests.csproj", "{FA31781B-A187-485E-B693-B20894A24B3D}"
EndProject
Project("{9A19103F-16F7-4668-BE54-9A1E7A4F7556}") = "Trakt.NET.Modules.Tests", "Tests\Trakt.NET.Modules.Tests\Trakt.NET.Modules.Tests.csproj", "{F402A3FB-B4E6-4436-A37F-982FBB228DA3}"
EndProject
Project("{9A19103F-16F7-4668-BE54-9A1E7A4F7556}") = "Trakt.NET.Requests.Tests", "Tests\Trakt.NET.Requests.Tests\Trakt.NET.Requests.Tests.csproj", "{FBAEAFD5-5E3A-453D-AED0-6CA8F6BB1B26}"
EndProject
Project("{9A19103F-16F7-4668-BE54-9A1E7A4F7556}") = "Trakt.NET.Tests.Utility", "Tests\Trakt.NET.Tests.Utility\Trakt.NET.Tests.Utility.csproj", "{3AD110F4-2E28-4269-9449-2A45804523B5}"
EndProject
Project("{2150E333-8FDC-42A3-9474-1A3956D46DE8}") = "SolutionItems", "SolutionItems", "{E4690B7D-5380-4003-99C3-2091827DB262}"
EndProject
Project("{9A19103F-16F7-4668-BE54-9A1E7A4F7556}") = "Trakt.NET.Objects.Authentication.Tests", "Tests\Trakt.NET.Objects.Authentication.Tests\Trakt.NET.Objects.Authentication.Tests.csproj", "{59375446-3279-4E4E-91D1-BAFA481D3CD5}"
EndProject
Project("{9A19103F-16F7-4668-BE54-9A1E7A4F7556}") = "Trakt.NET.Objects.Basic.Tests", "Tests\Trakt.NET.Objects.Basic.Tests\Trakt.NET.Objects.Basic.Tests.csproj", "{3CE5281A-739A-41A5-ACC0-74059B7535B7}"
EndProject
Project("{9A19103F-16F7-4668-BE54-9A1E7A4F7556}") = "Trakt.NET.Objects.Get.Tests", "Tests\Trakt.NET.Objects.Get.Tests\Trakt.NET.Objects.Get.Tests.csproj", "{854680C9-3FD2-4D79-A19A-313786436118}"
EndProject
Project("{9A19103F-16F7-4668-BE54-9A1E7A4F7556}") = "Trakt.NET.Objects.Post.Tests", "Tests\Trakt.NET.Objects.Post.Tests\Trakt.NET.Objects.Post.Tests.csproj", "{8FD76CA1-F7B4-445D-A3C4-DC1BAF59A490}"
EndProject
Project("{2150E333-8FDC-42A3-9474-1A3956D46DE8}") = "Workflows", "Workflows", "{A7FA937C-9CD0-4601-A2FA-CBA2FDC1DA77}"
	ProjectSection(SolutionItems) = preProject
		..\.github\workflows\code-scan.yml = ..\.github\workflows\code-scan.yml
		..\.github\workflows\deployment.yml = ..\.github\workflows\deployment.yml
		..\.github\workflows\develop-CI.yml = ..\.github\workflows\develop-CI.yml
		..\.github\workflows\main-CI.yml = ..\.github\workflows\main-CI.yml
		..\.github\workflows\release-CI.yml = ..\.github\workflows\release-CI.yml
		..\.github\workflows\sonarcloud.yml = ..\.github\workflows\sonarcloud.yml
	EndProjectSection
EndProject
Project("{2150E333-8FDC-42A3-9474-1A3956D46DE8}") = "Templates", "Templates", "{E8878124-ADAC-493E-9ECC-8BF405D431AB}"
	ProjectSection(SolutionItems) = preProject
		..\.github\ISSUE_TEMPLATE\bug_report.yml = ..\.github\ISSUE_TEMPLATE\bug_report.yml
		..\.github\ISSUE_TEMPLATE\feature_request.yml = ..\.github\ISSUE_TEMPLATE\feature_request.yml
		..\.github\PULL_REQUEST_TEMPLATE.md = ..\.github\PULL_REQUEST_TEMPLATE.md
	EndProjectSection
EndProject
Project("{2150E333-8FDC-42A3-9474-1A3956D46DE8}") = "Git", "Git", "{695F47B0-A80E-4846-AF96-5573F48093E1}"
	ProjectSection(SolutionItems) = preProject
		..\.gitattributes = ..\.gitattributes
		..\.gitignore = ..\.gitignore
	EndProjectSection
EndProject
Project("{2150E333-8FDC-42A3-9474-1A3956D46DE8}") = "Releases", "Releases", "{8315C2AB-046F-4BE5-B417-E4CB97AA6A34}"
	ProjectSection(SolutionItems) = preProject
		..\Changelog.md = ..\Changelog.md
		..\PublishRelease.txt = ..\PublishRelease.txt
	EndProjectSection
EndProject
Project("{2150E333-8FDC-42A3-9474-1A3956D46DE8}") = "Contributing", "Contributing", "{EDB5D86C-D40A-4481-AE9E-97C456190749}"
	ProjectSection(SolutionItems) = preProject
		..\CODE_OF_CONDUCT.md = ..\CODE_OF_CONDUCT.md
		..\coding_style.md = ..\coding_style.md
		..\CONTRIBUTING.md = ..\CONTRIBUTING.md
	EndProjectSection
EndProject
Project("{2150E333-8FDC-42A3-9474-1A3956D46DE8}") = "Information", "Information", "{02EDFC5A-10AE-4653-AF73-F0C2E30CFFB3}"
	ProjectSection(SolutionItems) = preProject
		..\AUTHORS.md = ..\AUTHORS.md
		..\.github\CODEOWNERS = ..\.github\CODEOWNERS
		..\LICENSE.md = ..\LICENSE.md
		..\README.md = ..\README.md
	EndProjectSection
EndProject
Project("{2150E333-8FDC-42A3-9474-1A3956D46DE8}") = "Examples", "Examples", "{2DDFAFD8-6A49-4595-A188-E98640F4244D}"
EndProject
Project("{2150E333-8FDC-42A3-9474-1A3956D46DE8}") = "Authentication", "Authentication", "{6742D84D-1FFD-4DA0-8401-24996C4D143F}"
EndProject
Project("{2150E333-8FDC-42A3-9474-1A3956D46DE8}") = "Configuration", "Configuration", "{546818C4-A219-44E4-8712-C9E1C546D661}"
EndProject
Project("{2150E333-8FDC-42A3-9474-1A3956D46DE8}") = "Serialization", "Serialization", "{5CCBB8E4-F758-421E-9EB0-7CAFEFE4F7F3}"
EndProject
Project("{2150E333-8FDC-42A3-9474-1A3956D46DE8}") = "Modules", "Modules", "{2C073620-F802-4462-ACBA-31D0208B17C2}"
EndProject
Project("{2150E333-8FDC-42A3-9474-1A3956D46DE8}") = "ShowsModule", "ShowsModule", "{2038C1AB-C305-460C-BE92-3F34826AB630}"
EndProject
Project("{9A19103F-16F7-4668-BE54-9A1E7A4F7556}") = "TraktDeviceAuthenticationExample", "Examples\Authentication\TraktDeviceAuthenticationExample\TraktDeviceAuthenticationExample.csproj", "{4E870370-B1A7-41AC-9EF4-8A20A725F945}"
EndProject
Project("{9A19103F-16F7-4668-BE54-9A1E7A4F7556}") = "TraktOAuthAuthenticationExample", "Examples\Authentication\TraktOAuthAuthenticationExample\TraktOAuthAuthenticationExample.csproj", "{784FAD74-4804-4FF9-B984-034772A3260D}"
EndProject
Project("{9A19103F-16F7-4668-BE54-9A1E7A4F7556}") = "TraktConfigurationExample", "Examples\Configuration\TraktConfigurationExample\TraktConfigurationExample.csproj", "{D55CEBA4-102A-49C9-9D52-E35BA763F49B}"
EndProject
Project("{9A19103F-16F7-4668-BE54-9A1E7A4F7556}") = "TraktSerializeAuthorizationExample", "Examples\Serialization\TraktSerializeAuthorizationExample\TraktSerializeAuthorizationExample.csproj", "{73CDDB01-1B5C-4672-B928-9523416BACBE}"
EndProject
Project("{9A19103F-16F7-4668-BE54-9A1E7A4F7556}") = "GetMultipleShowsExample", "Examples\Modules\ShowsModule\GetMultipleShowsExample\GetMultipleShowsExample.csproj", "{276D1CE3-272B-4522-B664-9441A8DBE519}"
EndProject
Project("{9A19103F-16F7-4668-BE54-9A1E7A4F7556}") = "GetSingleShowExample", "Examples\Modules\ShowsModule\GetSingleShowExample\GetSingleShowExample.csproj", "{3A69773E-2A08-4C37-88AC-E09B06F1FCF1}"
EndProject
Project("{9A19103F-16F7-4668-BE54-9A1E7A4F7556}") = "GetTrendingShowsExample", "Examples\Modules\ShowsModule\GetTrendingShowsExample\GetTrendingShowsExample.csproj", "{CD5A1ACB-79BE-45BC-8758-C5409B7D077A}"
EndProject
Project("{2150E333-8FDC-42A3-9474-1A3956D46DE8}") = "DocFX", "DocFX", "{0FD91F32-9AD2-4B65-A667-D00522610019}"
	ProjectSection(SolutionItems) = preProject
		DocFX\.gitignore = DocFX\.gitignore
		DocFX\docfx.json = DocFX\docfx.json
		DocFX\filterConfig.yml = DocFX\filterConfig.yml
		DocFX\index.md = DocFX\index.md
		DocFX\toc.yml = DocFX\toc.yml
	EndProjectSection
EndProject
Project("{2150E333-8FDC-42A3-9474-1A3956D46DE8}") = "Documentation", "Documentation", "{D53642DB-B120-4605-B845-73B50AEE1825}"
	ProjectSection(SolutionItems) = preProject
		DocFX\Documentation\index.md = DocFX\Documentation\index.md
		DocFX\Documentation\toc.yml = DocFX\Documentation\toc.yml
	EndProjectSection
EndProject
Global
	GlobalSection(SolutionConfigurationPlatforms) = preSolution
		Debug|Any CPU = Debug|Any CPU
		Debug|x64 = Debug|x64
		Debug|x86 = Debug|x86
		Release|Any CPU = Release|Any CPU
		Release|x64 = Release|x64
		Release|x86 = Release|x86
	EndGlobalSection
	GlobalSection(ProjectConfigurationPlatforms) = postSolution
		{C3B51555-C0AF-4DA6-8D78-75B38F06B578}.Debug|Any CPU.ActiveCfg = Debug|Any CPU
		{C3B51555-C0AF-4DA6-8D78-75B38F06B578}.Debug|Any CPU.Build.0 = Debug|Any CPU
		{C3B51555-C0AF-4DA6-8D78-75B38F06B578}.Debug|x64.ActiveCfg = Debug|Any CPU
		{C3B51555-C0AF-4DA6-8D78-75B38F06B578}.Debug|x64.Build.0 = Debug|Any CPU
		{C3B51555-C0AF-4DA6-8D78-75B38F06B578}.Debug|x86.ActiveCfg = Debug|Any CPU
		{C3B51555-C0AF-4DA6-8D78-75B38F06B578}.Debug|x86.Build.0 = Debug|Any CPU
		{C3B51555-C0AF-4DA6-8D78-75B38F06B578}.Release|Any CPU.ActiveCfg = Release|Any CPU
		{C3B51555-C0AF-4DA6-8D78-75B38F06B578}.Release|Any CPU.Build.0 = Release|Any CPU
		{C3B51555-C0AF-4DA6-8D78-75B38F06B578}.Release|x64.ActiveCfg = Release|Any CPU
		{C3B51555-C0AF-4DA6-8D78-75B38F06B578}.Release|x64.Build.0 = Release|Any CPU
		{C3B51555-C0AF-4DA6-8D78-75B38F06B578}.Release|x86.ActiveCfg = Release|Any CPU
		{C3B51555-C0AF-4DA6-8D78-75B38F06B578}.Release|x86.Build.0 = Release|Any CPU
		{FA31781B-A187-485E-B693-B20894A24B3D}.Debug|Any CPU.ActiveCfg = Debug|Any CPU
		{FA31781B-A187-485E-B693-B20894A24B3D}.Debug|Any CPU.Build.0 = Debug|Any CPU
		{FA31781B-A187-485E-B693-B20894A24B3D}.Debug|x64.ActiveCfg = Debug|Any CPU
		{FA31781B-A187-485E-B693-B20894A24B3D}.Debug|x64.Build.0 = Debug|Any CPU
		{FA31781B-A187-485E-B693-B20894A24B3D}.Debug|x86.ActiveCfg = Debug|Any CPU
		{FA31781B-A187-485E-B693-B20894A24B3D}.Debug|x86.Build.0 = Debug|Any CPU
		{FA31781B-A187-485E-B693-B20894A24B3D}.Release|Any CPU.ActiveCfg = Release|Any CPU
		{FA31781B-A187-485E-B693-B20894A24B3D}.Release|Any CPU.Build.0 = Release|Any CPU
		{FA31781B-A187-485E-B693-B20894A24B3D}.Release|x64.ActiveCfg = Release|Any CPU
		{FA31781B-A187-485E-B693-B20894A24B3D}.Release|x64.Build.0 = Release|Any CPU
		{FA31781B-A187-485E-B693-B20894A24B3D}.Release|x86.ActiveCfg = Release|Any CPU
		{FA31781B-A187-485E-B693-B20894A24B3D}.Release|x86.Build.0 = Release|Any CPU
		{F402A3FB-B4E6-4436-A37F-982FBB228DA3}.Debug|Any CPU.ActiveCfg = Debug|Any CPU
		{F402A3FB-B4E6-4436-A37F-982FBB228DA3}.Debug|Any CPU.Build.0 = Debug|Any CPU
		{F402A3FB-B4E6-4436-A37F-982FBB228DA3}.Debug|x64.ActiveCfg = Debug|Any CPU
		{F402A3FB-B4E6-4436-A37F-982FBB228DA3}.Debug|x64.Build.0 = Debug|Any CPU
		{F402A3FB-B4E6-4436-A37F-982FBB228DA3}.Debug|x86.ActiveCfg = Debug|Any CPU
		{F402A3FB-B4E6-4436-A37F-982FBB228DA3}.Debug|x86.Build.0 = Debug|Any CPU
		{F402A3FB-B4E6-4436-A37F-982FBB228DA3}.Release|Any CPU.ActiveCfg = Release|Any CPU
		{F402A3FB-B4E6-4436-A37F-982FBB228DA3}.Release|Any CPU.Build.0 = Release|Any CPU
		{F402A3FB-B4E6-4436-A37F-982FBB228DA3}.Release|x64.ActiveCfg = Release|Any CPU
		{F402A3FB-B4E6-4436-A37F-982FBB228DA3}.Release|x64.Build.0 = Release|Any CPU
		{F402A3FB-B4E6-4436-A37F-982FBB228DA3}.Release|x86.ActiveCfg = Release|Any CPU
		{F402A3FB-B4E6-4436-A37F-982FBB228DA3}.Release|x86.Build.0 = Release|Any CPU
		{FBAEAFD5-5E3A-453D-AED0-6CA8F6BB1B26}.Debug|Any CPU.ActiveCfg = Debug|Any CPU
		{FBAEAFD5-5E3A-453D-AED0-6CA8F6BB1B26}.Debug|Any CPU.Build.0 = Debug|Any CPU
		{FBAEAFD5-5E3A-453D-AED0-6CA8F6BB1B26}.Debug|x64.ActiveCfg = Debug|Any CPU
		{FBAEAFD5-5E3A-453D-AED0-6CA8F6BB1B26}.Debug|x64.Build.0 = Debug|Any CPU
		{FBAEAFD5-5E3A-453D-AED0-6CA8F6BB1B26}.Debug|x86.ActiveCfg = Debug|Any CPU
		{FBAEAFD5-5E3A-453D-AED0-6CA8F6BB1B26}.Debug|x86.Build.0 = Debug|Any CPU
		{FBAEAFD5-5E3A-453D-AED0-6CA8F6BB1B26}.Release|Any CPU.ActiveCfg = Release|Any CPU
		{FBAEAFD5-5E3A-453D-AED0-6CA8F6BB1B26}.Release|Any CPU.Build.0 = Release|Any CPU
		{FBAEAFD5-5E3A-453D-AED0-6CA8F6BB1B26}.Release|x64.ActiveCfg = Release|Any CPU
		{FBAEAFD5-5E3A-453D-AED0-6CA8F6BB1B26}.Release|x64.Build.0 = Release|Any CPU
		{FBAEAFD5-5E3A-453D-AED0-6CA8F6BB1B26}.Release|x86.ActiveCfg = Release|Any CPU
		{FBAEAFD5-5E3A-453D-AED0-6CA8F6BB1B26}.Release|x86.Build.0 = Release|Any CPU
		{3AD110F4-2E28-4269-9449-2A45804523B5}.Debug|Any CPU.ActiveCfg = Debug|Any CPU
		{3AD110F4-2E28-4269-9449-2A45804523B5}.Debug|Any CPU.Build.0 = Debug|Any CPU
		{3AD110F4-2E28-4269-9449-2A45804523B5}.Debug|x64.ActiveCfg = Debug|Any CPU
		{3AD110F4-2E28-4269-9449-2A45804523B5}.Debug|x64.Build.0 = Debug|Any CPU
		{3AD110F4-2E28-4269-9449-2A45804523B5}.Debug|x86.ActiveCfg = Debug|Any CPU
		{3AD110F4-2E28-4269-9449-2A45804523B5}.Debug|x86.Build.0 = Debug|Any CPU
		{3AD110F4-2E28-4269-9449-2A45804523B5}.Release|Any CPU.ActiveCfg = Release|Any CPU
		{3AD110F4-2E28-4269-9449-2A45804523B5}.Release|Any CPU.Build.0 = Release|Any CPU
		{3AD110F4-2E28-4269-9449-2A45804523B5}.Release|x64.ActiveCfg = Release|Any CPU
		{3AD110F4-2E28-4269-9449-2A45804523B5}.Release|x64.Build.0 = Release|Any CPU
		{3AD110F4-2E28-4269-9449-2A45804523B5}.Release|x86.ActiveCfg = Release|Any CPU
		{3AD110F4-2E28-4269-9449-2A45804523B5}.Release|x86.Build.0 = Release|Any CPU
		{59375446-3279-4E4E-91D1-BAFA481D3CD5}.Debug|Any CPU.ActiveCfg = Debug|Any CPU
		{59375446-3279-4E4E-91D1-BAFA481D3CD5}.Debug|Any CPU.Build.0 = Debug|Any CPU
		{59375446-3279-4E4E-91D1-BAFA481D3CD5}.Debug|x64.ActiveCfg = Debug|Any CPU
		{59375446-3279-4E4E-91D1-BAFA481D3CD5}.Debug|x64.Build.0 = Debug|Any CPU
		{59375446-3279-4E4E-91D1-BAFA481D3CD5}.Debug|x86.ActiveCfg = Debug|Any CPU
		{59375446-3279-4E4E-91D1-BAFA481D3CD5}.Debug|x86.Build.0 = Debug|Any CPU
		{59375446-3279-4E4E-91D1-BAFA481D3CD5}.Release|Any CPU.ActiveCfg = Release|Any CPU
		{59375446-3279-4E4E-91D1-BAFA481D3CD5}.Release|Any CPU.Build.0 = Release|Any CPU
		{59375446-3279-4E4E-91D1-BAFA481D3CD5}.Release|x64.ActiveCfg = Release|Any CPU
		{59375446-3279-4E4E-91D1-BAFA481D3CD5}.Release|x64.Build.0 = Release|Any CPU
		{59375446-3279-4E4E-91D1-BAFA481D3CD5}.Release|x86.ActiveCfg = Release|Any CPU
		{59375446-3279-4E4E-91D1-BAFA481D3CD5}.Release|x86.Build.0 = Release|Any CPU
		{3CE5281A-739A-41A5-ACC0-74059B7535B7}.Debug|Any CPU.ActiveCfg = Debug|Any CPU
		{3CE5281A-739A-41A5-ACC0-74059B7535B7}.Debug|Any CPU.Build.0 = Debug|Any CPU
		{3CE5281A-739A-41A5-ACC0-74059B7535B7}.Debug|x64.ActiveCfg = Debug|Any CPU
		{3CE5281A-739A-41A5-ACC0-74059B7535B7}.Debug|x64.Build.0 = Debug|Any CPU
		{3CE5281A-739A-41A5-ACC0-74059B7535B7}.Debug|x86.ActiveCfg = Debug|Any CPU
		{3CE5281A-739A-41A5-ACC0-74059B7535B7}.Debug|x86.Build.0 = Debug|Any CPU
		{3CE5281A-739A-41A5-ACC0-74059B7535B7}.Release|Any CPU.ActiveCfg = Release|Any CPU
		{3CE5281A-739A-41A5-ACC0-74059B7535B7}.Release|Any CPU.Build.0 = Release|Any CPU
		{3CE5281A-739A-41A5-ACC0-74059B7535B7}.Release|x64.ActiveCfg = Release|Any CPU
		{3CE5281A-739A-41A5-ACC0-74059B7535B7}.Release|x64.Build.0 = Release|Any CPU
		{3CE5281A-739A-41A5-ACC0-74059B7535B7}.Release|x86.ActiveCfg = Release|Any CPU
		{3CE5281A-739A-41A5-ACC0-74059B7535B7}.Release|x86.Build.0 = Release|Any CPU
		{854680C9-3FD2-4D79-A19A-313786436118}.Debug|Any CPU.ActiveCfg = Debug|Any CPU
		{854680C9-3FD2-4D79-A19A-313786436118}.Debug|Any CPU.Build.0 = Debug|Any CPU
		{854680C9-3FD2-4D79-A19A-313786436118}.Debug|x64.ActiveCfg = Debug|Any CPU
		{854680C9-3FD2-4D79-A19A-313786436118}.Debug|x64.Build.0 = Debug|Any CPU
		{854680C9-3FD2-4D79-A19A-313786436118}.Debug|x86.ActiveCfg = Debug|Any CPU
		{854680C9-3FD2-4D79-A19A-313786436118}.Debug|x86.Build.0 = Debug|Any CPU
		{854680C9-3FD2-4D79-A19A-313786436118}.Release|Any CPU.ActiveCfg = Release|Any CPU
		{854680C9-3FD2-4D79-A19A-313786436118}.Release|Any CPU.Build.0 = Release|Any CPU
		{854680C9-3FD2-4D79-A19A-313786436118}.Release|x64.ActiveCfg = Release|Any CPU
		{854680C9-3FD2-4D79-A19A-313786436118}.Release|x64.Build.0 = Release|Any CPU
		{854680C9-3FD2-4D79-A19A-313786436118}.Release|x86.ActiveCfg = Release|Any CPU
		{854680C9-3FD2-4D79-A19A-313786436118}.Release|x86.Build.0 = Release|Any CPU
		{8FD76CA1-F7B4-445D-A3C4-DC1BAF59A490}.Debug|Any CPU.ActiveCfg = Debug|Any CPU
		{8FD76CA1-F7B4-445D-A3C4-DC1BAF59A490}.Debug|Any CPU.Build.0 = Debug|Any CPU
		{8FD76CA1-F7B4-445D-A3C4-DC1BAF59A490}.Debug|x64.ActiveCfg = Debug|Any CPU
		{8FD76CA1-F7B4-445D-A3C4-DC1BAF59A490}.Debug|x64.Build.0 = Debug|Any CPU
		{8FD76CA1-F7B4-445D-A3C4-DC1BAF59A490}.Debug|x86.ActiveCfg = Debug|Any CPU
		{8FD76CA1-F7B4-445D-A3C4-DC1BAF59A490}.Debug|x86.Build.0 = Debug|Any CPU
		{8FD76CA1-F7B4-445D-A3C4-DC1BAF59A490}.Release|Any CPU.ActiveCfg = Release|Any CPU
		{8FD76CA1-F7B4-445D-A3C4-DC1BAF59A490}.Release|Any CPU.Build.0 = Release|Any CPU
		{8FD76CA1-F7B4-445D-A3C4-DC1BAF59A490}.Release|x64.ActiveCfg = Release|Any CPU
		{8FD76CA1-F7B4-445D-A3C4-DC1BAF59A490}.Release|x64.Build.0 = Release|Any CPU
		{8FD76CA1-F7B4-445D-A3C4-DC1BAF59A490}.Release|x86.ActiveCfg = Release|Any CPU
		{8FD76CA1-F7B4-445D-A3C4-DC1BAF59A490}.Release|x86.Build.0 = Release|Any CPU
		{4E870370-B1A7-41AC-9EF4-8A20A725F945}.Debug|Any CPU.ActiveCfg = Debug|Any CPU
		{4E870370-B1A7-41AC-9EF4-8A20A725F945}.Debug|Any CPU.Build.0 = Debug|Any CPU
		{4E870370-B1A7-41AC-9EF4-8A20A725F945}.Debug|x64.ActiveCfg = Debug|Any CPU
		{4E870370-B1A7-41AC-9EF4-8A20A725F945}.Debug|x64.Build.0 = Debug|Any CPU
		{4E870370-B1A7-41AC-9EF4-8A20A725F945}.Debug|x86.ActiveCfg = Debug|Any CPU
		{4E870370-B1A7-41AC-9EF4-8A20A725F945}.Debug|x86.Build.0 = Debug|Any CPU
		{4E870370-B1A7-41AC-9EF4-8A20A725F945}.Release|Any CPU.ActiveCfg = Release|Any CPU
		{4E870370-B1A7-41AC-9EF4-8A20A725F945}.Release|Any CPU.Build.0 = Release|Any CPU
		{4E870370-B1A7-41AC-9EF4-8A20A725F945}.Release|x64.ActiveCfg = Release|Any CPU
		{4E870370-B1A7-41AC-9EF4-8A20A725F945}.Release|x64.Build.0 = Release|Any CPU
		{4E870370-B1A7-41AC-9EF4-8A20A725F945}.Release|x86.ActiveCfg = Release|Any CPU
		{4E870370-B1A7-41AC-9EF4-8A20A725F945}.Release|x86.Build.0 = Release|Any CPU
		{784FAD74-4804-4FF9-B984-034772A3260D}.Debug|Any CPU.ActiveCfg = Debug|Any CPU
		{784FAD74-4804-4FF9-B984-034772A3260D}.Debug|Any CPU.Build.0 = Debug|Any CPU
		{784FAD74-4804-4FF9-B984-034772A3260D}.Debug|x64.ActiveCfg = Debug|Any CPU
		{784FAD74-4804-4FF9-B984-034772A3260D}.Debug|x64.Build.0 = Debug|Any CPU
		{784FAD74-4804-4FF9-B984-034772A3260D}.Debug|x86.ActiveCfg = Debug|Any CPU
		{784FAD74-4804-4FF9-B984-034772A3260D}.Debug|x86.Build.0 = Debug|Any CPU
		{784FAD74-4804-4FF9-B984-034772A3260D}.Release|Any CPU.ActiveCfg = Release|Any CPU
		{784FAD74-4804-4FF9-B984-034772A3260D}.Release|Any CPU.Build.0 = Release|Any CPU
		{784FAD74-4804-4FF9-B984-034772A3260D}.Release|x64.ActiveCfg = Release|Any CPU
		{784FAD74-4804-4FF9-B984-034772A3260D}.Release|x64.Build.0 = Release|Any CPU
		{784FAD74-4804-4FF9-B984-034772A3260D}.Release|x86.ActiveCfg = Release|Any CPU
		{784FAD74-4804-4FF9-B984-034772A3260D}.Release|x86.Build.0 = Release|Any CPU
		{D55CEBA4-102A-49C9-9D52-E35BA763F49B}.Debug|Any CPU.ActiveCfg = Debug|Any CPU
		{D55CEBA4-102A-49C9-9D52-E35BA763F49B}.Debug|Any CPU.Build.0 = Debug|Any CPU
		{D55CEBA4-102A-49C9-9D52-E35BA763F49B}.Debug|x64.ActiveCfg = Debug|Any CPU
		{D55CEBA4-102A-49C9-9D52-E35BA763F49B}.Debug|x64.Build.0 = Debug|Any CPU
		{D55CEBA4-102A-49C9-9D52-E35BA763F49B}.Debug|x86.ActiveCfg = Debug|Any CPU
		{D55CEBA4-102A-49C9-9D52-E35BA763F49B}.Debug|x86.Build.0 = Debug|Any CPU
		{D55CEBA4-102A-49C9-9D52-E35BA763F49B}.Release|Any CPU.ActiveCfg = Release|Any CPU
		{D55CEBA4-102A-49C9-9D52-E35BA763F49B}.Release|Any CPU.Build.0 = Release|Any CPU
		{D55CEBA4-102A-49C9-9D52-E35BA763F49B}.Release|x64.ActiveCfg = Release|Any CPU
		{D55CEBA4-102A-49C9-9D52-E35BA763F49B}.Release|x64.Build.0 = Release|Any CPU
		{D55CEBA4-102A-49C9-9D52-E35BA763F49B}.Release|x86.ActiveCfg = Release|Any CPU
		{D55CEBA4-102A-49C9-9D52-E35BA763F49B}.Release|x86.Build.0 = Release|Any CPU
		{73CDDB01-1B5C-4672-B928-9523416BACBE}.Debug|Any CPU.ActiveCfg = Debug|Any CPU
		{73CDDB01-1B5C-4672-B928-9523416BACBE}.Debug|Any CPU.Build.0 = Debug|Any CPU
		{73CDDB01-1B5C-4672-B928-9523416BACBE}.Debug|x64.ActiveCfg = Debug|Any CPU
		{73CDDB01-1B5C-4672-B928-9523416BACBE}.Debug|x64.Build.0 = Debug|Any CPU
		{73CDDB01-1B5C-4672-B928-9523416BACBE}.Debug|x86.ActiveCfg = Debug|Any CPU
		{73CDDB01-1B5C-4672-B928-9523416BACBE}.Debug|x86.Build.0 = Debug|Any CPU
		{73CDDB01-1B5C-4672-B928-9523416BACBE}.Release|Any CPU.ActiveCfg = Release|Any CPU
		{73CDDB01-1B5C-4672-B928-9523416BACBE}.Release|Any CPU.Build.0 = Release|Any CPU
		{73CDDB01-1B5C-4672-B928-9523416BACBE}.Release|x64.ActiveCfg = Release|Any CPU
		{73CDDB01-1B5C-4672-B928-9523416BACBE}.Release|x64.Build.0 = Release|Any CPU
		{73CDDB01-1B5C-4672-B928-9523416BACBE}.Release|x86.ActiveCfg = Release|Any CPU
		{73CDDB01-1B5C-4672-B928-9523416BACBE}.Release|x86.Build.0 = Release|Any CPU
		{276D1CE3-272B-4522-B664-9441A8DBE519}.Debug|Any CPU.ActiveCfg = Debug|Any CPU
		{276D1CE3-272B-4522-B664-9441A8DBE519}.Debug|Any CPU.Build.0 = Debug|Any CPU
		{276D1CE3-272B-4522-B664-9441A8DBE519}.Debug|x64.ActiveCfg = Debug|Any CPU
		{276D1CE3-272B-4522-B664-9441A8DBE519}.Debug|x64.Build.0 = Debug|Any CPU
		{276D1CE3-272B-4522-B664-9441A8DBE519}.Debug|x86.ActiveCfg = Debug|Any CPU
		{276D1CE3-272B-4522-B664-9441A8DBE519}.Debug|x86.Build.0 = Debug|Any CPU
		{276D1CE3-272B-4522-B664-9441A8DBE519}.Release|Any CPU.ActiveCfg = Release|Any CPU
		{276D1CE3-272B-4522-B664-9441A8DBE519}.Release|Any CPU.Build.0 = Release|Any CPU
		{276D1CE3-272B-4522-B664-9441A8DBE519}.Release|x64.ActiveCfg = Release|Any CPU
		{276D1CE3-272B-4522-B664-9441A8DBE519}.Release|x64.Build.0 = Release|Any CPU
		{276D1CE3-272B-4522-B664-9441A8DBE519}.Release|x86.ActiveCfg = Release|Any CPU
		{276D1CE3-272B-4522-B664-9441A8DBE519}.Release|x86.Build.0 = Release|Any CPU
		{3A69773E-2A08-4C37-88AC-E09B06F1FCF1}.Debug|Any CPU.ActiveCfg = Debug|Any CPU
		{3A69773E-2A08-4C37-88AC-E09B06F1FCF1}.Debug|Any CPU.Build.0 = Debug|Any CPU
		{3A69773E-2A08-4C37-88AC-E09B06F1FCF1}.Debug|x64.ActiveCfg = Debug|Any CPU
		{3A69773E-2A08-4C37-88AC-E09B06F1FCF1}.Debug|x64.Build.0 = Debug|Any CPU
		{3A69773E-2A08-4C37-88AC-E09B06F1FCF1}.Debug|x86.ActiveCfg = Debug|Any CPU
		{3A69773E-2A08-4C37-88AC-E09B06F1FCF1}.Debug|x86.Build.0 = Debug|Any CPU
		{3A69773E-2A08-4C37-88AC-E09B06F1FCF1}.Release|Any CPU.ActiveCfg = Release|Any CPU
		{3A69773E-2A08-4C37-88AC-E09B06F1FCF1}.Release|Any CPU.Build.0 = Release|Any CPU
		{3A69773E-2A08-4C37-88AC-E09B06F1FCF1}.Release|x64.ActiveCfg = Release|Any CPU
		{3A69773E-2A08-4C37-88AC-E09B06F1FCF1}.Release|x64.Build.0 = Release|Any CPU
		{3A69773E-2A08-4C37-88AC-E09B06F1FCF1}.Release|x86.ActiveCfg = Release|Any CPU
		{3A69773E-2A08-4C37-88AC-E09B06F1FCF1}.Release|x86.Build.0 = Release|Any CPU
		{CD5A1ACB-79BE-45BC-8758-C5409B7D077A}.Debug|Any CPU.ActiveCfg = Debug|Any CPU
		{CD5A1ACB-79BE-45BC-8758-C5409B7D077A}.Debug|Any CPU.Build.0 = Debug|Any CPU
		{CD5A1ACB-79BE-45BC-8758-C5409B7D077A}.Debug|x64.ActiveCfg = Debug|Any CPU
		{CD5A1ACB-79BE-45BC-8758-C5409B7D077A}.Debug|x64.Build.0 = Debug|Any CPU
		{CD5A1ACB-79BE-45BC-8758-C5409B7D077A}.Debug|x86.ActiveCfg = Debug|Any CPU
		{CD5A1ACB-79BE-45BC-8758-C5409B7D077A}.Debug|x86.Build.0 = Debug|Any CPU
		{CD5A1ACB-79BE-45BC-8758-C5409B7D077A}.Release|Any CPU.ActiveCfg = Release|Any CPU
		{CD5A1ACB-79BE-45BC-8758-C5409B7D077A}.Release|Any CPU.Build.0 = Release|Any CPU
		{CD5A1ACB-79BE-45BC-8758-C5409B7D077A}.Release|x64.ActiveCfg = Release|Any CPU
		{CD5A1ACB-79BE-45BC-8758-C5409B7D077A}.Release|x64.Build.0 = Release|Any CPU
		{CD5A1ACB-79BE-45BC-8758-C5409B7D077A}.Release|x86.ActiveCfg = Release|Any CPU
		{CD5A1ACB-79BE-45BC-8758-C5409B7D077A}.Release|x86.Build.0 = Release|Any CPU
	EndGlobalSection
	GlobalSection(SolutionProperties) = preSolution
		HideSolutionNode = FALSE
	EndGlobalSection
	GlobalSection(NestedProjects) = preSolution
		{C3B51555-C0AF-4DA6-8D78-75B38F06B578} = {F07A6116-671E-4E48-85EB-8AF50F3157F5}
		{FA31781B-A187-485E-B693-B20894A24B3D} = {40C02336-96D7-4D92-9CBA-79570413DBA4}
		{F402A3FB-B4E6-4436-A37F-982FBB228DA3} = {40C02336-96D7-4D92-9CBA-79570413DBA4}
		{FBAEAFD5-5E3A-453D-AED0-6CA8F6BB1B26} = {40C02336-96D7-4D92-9CBA-79570413DBA4}
		{3AD110F4-2E28-4269-9449-2A45804523B5} = {40C02336-96D7-4D92-9CBA-79570413DBA4}
		{59375446-3279-4E4E-91D1-BAFA481D3CD5} = {40C02336-96D7-4D92-9CBA-79570413DBA4}
		{3CE5281A-739A-41A5-ACC0-74059B7535B7} = {40C02336-96D7-4D92-9CBA-79570413DBA4}
		{854680C9-3FD2-4D79-A19A-313786436118} = {40C02336-96D7-4D92-9CBA-79570413DBA4}
		{8FD76CA1-F7B4-445D-A3C4-DC1BAF59A490} = {40C02336-96D7-4D92-9CBA-79570413DBA4}
		{A7FA937C-9CD0-4601-A2FA-CBA2FDC1DA77} = {E4690B7D-5380-4003-99C3-2091827DB262}
		{E8878124-ADAC-493E-9ECC-8BF405D431AB} = {E4690B7D-5380-4003-99C3-2091827DB262}
		{695F47B0-A80E-4846-AF96-5573F48093E1} = {E4690B7D-5380-4003-99C3-2091827DB262}
		{8315C2AB-046F-4BE5-B417-E4CB97AA6A34} = {E4690B7D-5380-4003-99C3-2091827DB262}
		{EDB5D86C-D40A-4481-AE9E-97C456190749} = {E4690B7D-5380-4003-99C3-2091827DB262}
		{02EDFC5A-10AE-4653-AF73-F0C2E30CFFB3} = {E4690B7D-5380-4003-99C3-2091827DB262}
		{6742D84D-1FFD-4DA0-8401-24996C4D143F} = {2DDFAFD8-6A49-4595-A188-E98640F4244D}
		{546818C4-A219-44E4-8712-C9E1C546D661} = {2DDFAFD8-6A49-4595-A188-E98640F4244D}
		{5CCBB8E4-F758-421E-9EB0-7CAFEFE4F7F3} = {2DDFAFD8-6A49-4595-A188-E98640F4244D}
		{2C073620-F802-4462-ACBA-31D0208B17C2} = {2DDFAFD8-6A49-4595-A188-E98640F4244D}
		{2038C1AB-C305-460C-BE92-3F34826AB630} = {2C073620-F802-4462-ACBA-31D0208B17C2}
		{4E870370-B1A7-41AC-9EF4-8A20A725F945} = {6742D84D-1FFD-4DA0-8401-24996C4D143F}
		{784FAD74-4804-4FF9-B984-034772A3260D} = {6742D84D-1FFD-4DA0-8401-24996C4D143F}
		{D55CEBA4-102A-49C9-9D52-E35BA763F49B} = {546818C4-A219-44E4-8712-C9E1C546D661}
		{73CDDB01-1B5C-4672-B928-9523416BACBE} = {5CCBB8E4-F758-421E-9EB0-7CAFEFE4F7F3}
		{276D1CE3-272B-4522-B664-9441A8DBE519} = {2038C1AB-C305-460C-BE92-3F34826AB630}
		{3A69773E-2A08-4C37-88AC-E09B06F1FCF1} = {2038C1AB-C305-460C-BE92-3F34826AB630}
		{CD5A1ACB-79BE-45BC-8758-C5409B7D077A} = {2038C1AB-C305-460C-BE92-3F34826AB630}
		{0FD91F32-9AD2-4B65-A667-D00522610019} = {E4690B7D-5380-4003-99C3-2091827DB262}
		{D53642DB-B120-4605-B845-73B50AEE1825} = {0FD91F32-9AD2-4B65-A667-D00522610019}
	EndGlobalSection
	GlobalSection(ExtensibilityGlobals) = postSolution
		SolutionGuid = {7025A39E-11A6-4587-98F7-E887B941D5A0}
	EndGlobalSection
EndGlobal
