
Microsoft Visual Studio Solution File, Format Version 12.00
# Visual Studio Version 16
VisualStudioVersion = 16.0.28729.10
MinimumVisualStudioVersion = 15.0.26124.0
Project("{2150E333-8FDC-42A3-9474-1A3956D46DE8}") = "Lib", "Lib", "{F07A6116-671E-4E48-85EB-8AF50F3157F5}"
EndProject
Project("{9A19103F-16F7-4668-BE54-9A1E7A4F7556}") = "Trakt.NET", "Lib\Trakt.NET\Trakt.NET.csproj", "{C3B51555-C0AF-4DA6-8D78-75B38F06B578}"
EndProject
Project("{2150E333-8FDC-42A3-9474-1A3956D46DE8}") = "Tests", "Tests", "{40C02336-96D7-4D92-9CBA-79570413DBA4}"
EndProject
Project("{9A19103F-16F7-4668-BE54-9A1E7A4F7556}") = "Trakt.NET.Core.Tests", "Tests\Trakt.NET.Core.Tests\Trakt.NET.Core.Tests.csproj", "{FA31781B-A187-485E-B693-B20894A24B3D}"
EndProject
Project("{9A19103F-16F7-4668-BE54-9A1E7A4F7556}") = "Trakt.NET.Modules.Tests", "Tests\Trakt.NET.Modules.Tests\Trakt.NET.Modules.Tests.csproj", "{F402A3FB-B4E6-4436-A37F-982FBB228DA3}"
EndProject
Project("{9A19103F-16F7-4668-BE54-9A1E7A4F7556}") = "Trakt.NET.Requests.Tests", "Tests\Trakt.NET.Requests.Tests\Trakt.NET.Requests.Tests.csproj", "{FBAEAFD5-5E3A-453D-AED0-6CA8F6BB1B26}"
EndProject
Project("{9A19103F-16F7-4668-BE54-9A1E7A4F7556}") = "Trakt.NET.Tests.Utility", "Tests\Trakt.NET.Tests.Utility\Trakt.NET.Tests.Utility.csproj", "{3AD110F4-2E28-4269-9449-2A45804523B5}"
EndProject
Project("{2150E333-8FDC-42A3-9474-1A3956D46DE8}") = "SolutionItems", "SolutionItems", "{E4690B7D-5380-4003-99C3-2091827DB262}"
	ProjectSection(SolutionItems) = preProject
		..\.gitattributes = ..\.gitattributes
		..\.gitignore = ..\.gitignore
		..\AUTHORS.md = ..\AUTHORS.md
		..\.github\ISSUE_TEMPLATE\bug_report.md = ..\.github\ISSUE_TEMPLATE\bug_report.md
		..\Changelog.md = ..\Changelog.md
		..\CODE_OF_CONDUCT.md = ..\CODE_OF_CONDUCT.md
		..\.github\CODEOWNERS = ..\.github\CODEOWNERS
		..\coding_style.md = ..\coding_style.md
		..\CONTRIBUTING.md = ..\CONTRIBUTING.md
		..\.github\ISSUE_TEMPLATE\feature_request.md = ..\.github\ISSUE_TEMPLATE\feature_request.md
		..\LICENSE.md = ..\LICENSE.md
		Lib\Trakt.NET\nuget.config = Lib\Trakt.NET\nuget.config
		..\PublishRelease.txt = ..\PublishRelease.txt
		..\README.md = ..\README.md
		Lib\Trakt.NET\Trakt.NET.nuspec = Lib\Trakt.NET\Trakt.NET.nuspec
	EndProjectSection
EndProject
Project("{9A19103F-16F7-4668-BE54-9A1E7A4F7556}") = "Trakt.NET.Objects.Authentication.Tests", "Tests\Trakt.NET.Objects.Authentication.Tests\Trakt.NET.Objects.Authentication.Tests.csproj", "{59375446-3279-4E4E-91D1-BAFA481D3CD5}"
EndProject
Project("{9A19103F-16F7-4668-BE54-9A1E7A4F7556}") = "Trakt.NET.Objects.Basic.Tests", "Tests\Trakt.NET.Objects.Basic.Tests\Trakt.NET.Objects.Basic.Tests.csproj", "{3CE5281A-739A-41A5-ACC0-74059B7535B7}"
EndProject
Project("{9A19103F-16F7-4668-BE54-9A1E7A4F7556}") = "Trakt.NET.Objects.Get.Tests", "Tests\Trakt.NET.Objects.Get.Tests\Trakt.NET.Objects.Get.Tests.csproj", "{854680C9-3FD2-4D79-A19A-313786436118}"
EndProject
Project("{9A19103F-16F7-4668-BE54-9A1E7A4F7556}") = "Trakt.NET.Objects.Post.Tests", "Tests\Trakt.NET.Objects.Post.Tests\Trakt.NET.Objects.Post.Tests.csproj", "{8FD76CA1-F7B4-445D-A3C4-DC1BAF59A490}"
EndProject
Project("{2150E333-8FDC-42A3-9474-1A3956D46DE8}") = "Workflows", "Workflows", "{A7FA937C-9CD0-4601-A2FA-CBA2FDC1DA77}"
	ProjectSection(SolutionItems) = preProject
		..\.github\workflows\codeql-analysis.yml = ..\.github\workflows\codeql-analysis.yml
		..\.github\workflows\release-CI.yml = ..\.github\workflows\release-CI.yml
	EndProjectSection
EndProject
Global
	GlobalSection(SolutionConfigurationPlatforms) = preSolution
		Debug|Any CPU = Debug|Any CPU
		Debug|x64 = Debug|x64
		Debug|x86 = Debug|x86
		Release|Any CPU = Release|Any CPU
		Release|x64 = Release|x64
		Release|x86 = Release|x86
	EndGlobalSection
	GlobalSection(ProjectConfigurationPlatforms) = postSolution
		{C3B51555-C0AF-4DA6-8D78-75B38F06B578}.Debug|Any CPU.ActiveCfg = Debug|Any CPU
		{C3B51555-C0AF-4DA6-8D78-75B38F06B578}.Debug|Any CPU.Build.0 = Debug|Any CPU
		{C3B51555-C0AF-4DA6-8D78-75B38F06B578}.Debug|x64.ActiveCfg = Debug|Any CPU
		{C3B51555-C0AF-4DA6-8D78-75B38F06B578}.Debug|x64.Build.0 = Debug|Any CPU
		{C3B51555-C0AF-4DA6-8D78-75B38F06B578}.Debug|x86.ActiveCfg = Debug|Any CPU
		{C3B51555-C0AF-4DA6-8D78-75B38F06B578}.Debug|x86.Build.0 = Debug|Any CPU
		{C3B51555-C0AF-4DA6-8D78-75B38F06B578}.Release|Any CPU.ActiveCfg = Release|Any CPU
		{C3B51555-C0AF-4DA6-8D78-75B38F06B578}.Release|Any CPU.Build.0 = Release|Any CPU
		{C3B51555-C0AF-4DA6-8D78-75B38F06B578}.Release|x64.ActiveCfg = Release|Any CPU
		{C3B51555-C0AF-4DA6-8D78-75B38F06B578}.Release|x64.Build.0 = Release|Any CPU
		{C3B51555-C0AF-4DA6-8D78-75B38F06B578}.Release|x86.ActiveCfg = Release|Any CPU
		{C3B51555-C0AF-4DA6-8D78-75B38F06B578}.Release|x86.Build.0 = Release|Any CPU
		{FA31781B-A187-485E-B693-B20894A24B3D}.Debug|Any CPU.ActiveCfg = Debug|Any CPU
		{FA31781B-A187-485E-B693-B20894A24B3D}.Debug|Any CPU.Build.0 = Debug|Any CPU
		{FA31781B-A187-485E-B693-B20894A24B3D}.Debug|x64.ActiveCfg = Debug|Any CPU
		{FA31781B-A187-485E-B693-B20894A24B3D}.Debug|x64.Build.0 = Debug|Any CPU
		{FA31781B-A187-485E-B693-B20894A24B3D}.Debug|x86.ActiveCfg = Debug|Any CPU
		{FA31781B-A187-485E-B693-B20894A24B3D}.Debug|x86.Build.0 = Debug|Any CPU
		{FA31781B-A187-485E-B693-B20894A24B3D}.Release|Any CPU.ActiveCfg = Release|Any CPU
		{FA31781B-A187-485E-B693-B20894A24B3D}.Release|Any CPU.Build.0 = Release|Any CPU
		{FA31781B-A187-485E-B693-B20894A24B3D}.Release|x64.ActiveCfg = Release|Any CPU
		{FA31781B-A187-485E-B693-B20894A24B3D}.Release|x64.Build.0 = Release|Any CPU
		{FA31781B-A187-485E-B693-B20894A24B3D}.Release|x86.ActiveCfg = Release|Any CPU
		{FA31781B-A187-485E-B693-B20894A24B3D}.Release|x86.Build.0 = Release|Any CPU
		{F402A3FB-B4E6-4436-A37F-982FBB228DA3}.Debug|Any CPU.ActiveCfg = Debug|Any CPU
		{F402A3FB-B4E6-4436-A37F-982FBB228DA3}.Debug|Any CPU.Build.0 = Debug|Any CPU
		{F402A3FB-B4E6-4436-A37F-982FBB228DA3}.Debug|x64.ActiveCfg = Debug|Any CPU
		{F402A3FB-B4E6-4436-A37F-982FBB228DA3}.Debug|x64.Build.0 = Debug|Any CPU
		{F402A3FB-B4E6-4436-A37F-982FBB228DA3}.Debug|x86.ActiveCfg = Debug|Any CPU
		{F402A3FB-B4E6-4436-A37F-982FBB228DA3}.Debug|x86.Build.0 = Debug|Any CPU
		{F402A3FB-B4E6-4436-A37F-982FBB228DA3}.Release|Any CPU.ActiveCfg = Release|Any CPU
		{F402A3FB-B4E6-4436-A37F-982FBB228DA3}.Release|Any CPU.Build.0 = Release|Any CPU
		{F402A3FB-B4E6-4436-A37F-982FBB228DA3}.Release|x64.ActiveCfg = Release|Any CPU
		{F402A3FB-B4E6-4436-A37F-982FBB228DA3}.Release|x64.Build.0 = Release|Any CPU
		{F402A3FB-B4E6-4436-A37F-982FBB228DA3}.Release|x86.ActiveCfg = Release|Any CPU
		{F402A3FB-B4E6-4436-A37F-982FBB228DA3}.Release|x86.Build.0 = Release|Any CPU
		{FBAEAFD5-5E3A-453D-AED0-6CA8F6BB1B26}.Debug|Any CPU.ActiveCfg = Debug|Any CPU
		{FBAEAFD5-5E3A-453D-AED0-6CA8F6BB1B26}.Debug|Any CPU.Build.0 = Debug|Any CPU
		{FBAEAFD5-5E3A-453D-AED0-6CA8F6BB1B26}.Debug|x64.ActiveCfg = Debug|Any CPU
		{FBAEAFD5-5E3A-453D-AED0-6CA8F6BB1B26}.Debug|x64.Build.0 = Debug|Any CPU
		{FBAEAFD5-5E3A-453D-AED0-6CA8F6BB1B26}.Debug|x86.ActiveCfg = Debug|Any CPU
		{FBAEAFD5-5E3A-453D-AED0-6CA8F6BB1B26}.Debug|x86.Build.0 = Debug|Any CPU
		{FBAEAFD5-5E3A-453D-AED0-6CA8F6BB1B26}.Release|Any CPU.ActiveCfg = Release|Any CPU
		{FBAEAFD5-5E3A-453D-AED0-6CA8F6BB1B26}.Release|Any CPU.Build.0 = Release|Any CPU
		{FBAEAFD5-5E3A-453D-AED0-6CA8F6BB1B26}.Release|x64.ActiveCfg = Release|Any CPU
		{FBAEAFD5-5E3A-453D-AED0-6CA8F6BB1B26}.Release|x64.Build.0 = Release|Any CPU
		{FBAEAFD5-5E3A-453D-AED0-6CA8F6BB1B26}.Release|x86.ActiveCfg = Release|Any CPU
		{FBAEAFD5-5E3A-453D-AED0-6CA8F6BB1B26}.Release|x86.Build.0 = Release|Any CPU
		{3AD110F4-2E28-4269-9449-2A45804523B5}.Debug|Any CPU.ActiveCfg = Debug|Any CPU
		{3AD110F4-2E28-4269-9449-2A45804523B5}.Debug|Any CPU.Build.0 = Debug|Any CPU
		{3AD110F4-2E28-4269-9449-2A45804523B5}.Debug|x64.ActiveCfg = Debug|Any CPU
		{3AD110F4-2E28-4269-9449-2A45804523B5}.Debug|x64.Build.0 = Debug|Any CPU
		{3AD110F4-2E28-4269-9449-2A45804523B5}.Debug|x86.ActiveCfg = Debug|Any CPU
		{3AD110F4-2E28-4269-9449-2A45804523B5}.Debug|x86.Build.0 = Debug|Any CPU
		{3AD110F4-2E28-4269-9449-2A45804523B5}.Release|Any CPU.ActiveCfg = Release|Any CPU
		{3AD110F4-2E28-4269-9449-2A45804523B5}.Release|Any CPU.Build.0 = Release|Any CPU
		{3AD110F4-2E28-4269-9449-2A45804523B5}.Release|x64.ActiveCfg = Release|Any CPU
		{3AD110F4-2E28-4269-9449-2A45804523B5}.Release|x64.Build.0 = Release|Any CPU
		{3AD110F4-2E28-4269-9449-2A45804523B5}.Release|x86.ActiveCfg = Release|Any CPU
		{3AD110F4-2E28-4269-9449-2A45804523B5}.Release|x86.Build.0 = Release|Any CPU
		{59375446-3279-4E4E-91D1-BAFA481D3CD5}.Debug|Any CPU.ActiveCfg = Debug|Any CPU
		{59375446-3279-4E4E-91D1-BAFA481D3CD5}.Debug|Any CPU.Build.0 = Debug|Any CPU
		{59375446-3279-4E4E-91D1-BAFA481D3CD5}.Debug|x64.ActiveCfg = Debug|Any CPU
		{59375446-3279-4E4E-91D1-BAFA481D3CD5}.Debug|x64.Build.0 = Debug|Any CPU
		{59375446-3279-4E4E-91D1-BAFA481D3CD5}.Debug|x86.ActiveCfg = Debug|Any CPU
		{59375446-3279-4E4E-91D1-BAFA481D3CD5}.Debug|x86.Build.0 = Debug|Any CPU
		{59375446-3279-4E4E-91D1-BAFA481D3CD5}.Release|Any CPU.ActiveCfg = Release|Any CPU
		{59375446-3279-4E4E-91D1-BAFA481D3CD5}.Release|Any CPU.Build.0 = Release|Any CPU
		{59375446-3279-4E4E-91D1-BAFA481D3CD5}.Release|x64.ActiveCfg = Release|Any CPU
		{59375446-3279-4E4E-91D1-BAFA481D3CD5}.Release|x64.Build.0 = Release|Any CPU
		{59375446-3279-4E4E-91D1-BAFA481D3CD5}.Release|x86.ActiveCfg = Release|Any CPU
		{59375446-3279-4E4E-91D1-BAFA481D3CD5}.Release|x86.Build.0 = Release|Any CPU
		{3CE5281A-739A-41A5-ACC0-74059B7535B7}.Debug|Any CPU.ActiveCfg = Debug|Any CPU
		{3CE5281A-739A-41A5-ACC0-74059B7535B7}.Debug|Any CPU.Build.0 = Debug|Any CPU
		{3CE5281A-739A-41A5-ACC0-74059B7535B7}.Debug|x64.ActiveCfg = Debug|Any CPU
		{3CE5281A-739A-41A5-ACC0-74059B7535B7}.Debug|x64.Build.0 = Debug|Any CPU
		{3CE5281A-739A-41A5-ACC0-74059B7535B7}.Debug|x86.ActiveCfg = Debug|Any CPU
		{3CE5281A-739A-41A5-ACC0-74059B7535B7}.Debug|x86.Build.0 = Debug|Any CPU
		{3CE5281A-739A-41A5-ACC0-74059B7535B7}.Release|Any CPU.ActiveCfg = Release|Any CPU
		{3CE5281A-739A-41A5-ACC0-74059B7535B7}.Release|Any CPU.Build.0 = Release|Any CPU
		{3CE5281A-739A-41A5-ACC0-74059B7535B7}.Release|x64.ActiveCfg = Release|Any CPU
		{3CE5281A-739A-41A5-ACC0-74059B7535B7}.Release|x64.Build.0 = Release|Any CPU
		{3CE5281A-739A-41A5-ACC0-74059B7535B7}.Release|x86.ActiveCfg = Release|Any CPU
		{3CE5281A-739A-41A5-ACC0-74059B7535B7}.Release|x86.Build.0 = Release|Any CPU
		{854680C9-3FD2-4D79-A19A-313786436118}.Debug|Any CPU.ActiveCfg = Debug|Any CPU
		{854680C9-3FD2-4D79-A19A-313786436118}.Debug|Any CPU.Build.0 = Debug|Any CPU
		{854680C9-3FD2-4D79-A19A-313786436118}.Debug|x64.ActiveCfg = Debug|Any CPU
		{854680C9-3FD2-4D79-A19A-313786436118}.Debug|x64.Build.0 = Debug|Any CPU
		{854680C9-3FD2-4D79-A19A-313786436118}.Debug|x86.ActiveCfg = Debug|Any CPU
		{854680C9-3FD2-4D79-A19A-313786436118}.Debug|x86.Build.0 = Debug|Any CPU
		{854680C9-3FD2-4D79-A19A-313786436118}.Release|Any CPU.ActiveCfg = Release|Any CPU
		{854680C9-3FD2-4D79-A19A-313786436118}.Release|Any CPU.Build.0 = Release|Any CPU
		{854680C9-3FD2-4D79-A19A-313786436118}.Release|x64.ActiveCfg = Release|Any CPU
		{854680C9-3FD2-4D79-A19A-313786436118}.Release|x64.Build.0 = Release|Any CPU
		{854680C9-3FD2-4D79-A19A-313786436118}.Release|x86.ActiveCfg = Release|Any CPU
		{854680C9-3FD2-4D79-A19A-313786436118}.Release|x86.Build.0 = Release|Any CPU
		{8FD76CA1-F7B4-445D-A3C4-DC1BAF59A490}.Debug|Any CPU.ActiveCfg = Debug|Any CPU
		{8FD76CA1-F7B4-445D-A3C4-DC1BAF59A490}.Debug|Any CPU.Build.0 = Debug|Any CPU
		{8FD76CA1-F7B4-445D-A3C4-DC1BAF59A490}.Debug|x64.ActiveCfg = Debug|Any CPU
		{8FD76CA1-F7B4-445D-A3C4-DC1BAF59A490}.Debug|x64.Build.0 = Debug|Any CPU
		{8FD76CA1-F7B4-445D-A3C4-DC1BAF59A490}.Debug|x86.ActiveCfg = Debug|Any CPU
		{8FD76CA1-F7B4-445D-A3C4-DC1BAF59A490}.Debug|x86.Build.0 = Debug|Any CPU
		{8FD76CA1-F7B4-445D-A3C4-DC1BAF59A490}.Release|Any CPU.ActiveCfg = Release|Any CPU
		{8FD76CA1-F7B4-445D-A3C4-DC1BAF59A490}.Release|Any CPU.Build.0 = Release|Any CPU
		{8FD76CA1-F7B4-445D-A3C4-DC1BAF59A490}.Release|x64.ActiveCfg = Release|Any CPU
		{8FD76CA1-F7B4-445D-A3C4-DC1BAF59A490}.Release|x64.Build.0 = Release|Any CPU
		{8FD76CA1-F7B4-445D-A3C4-DC1BAF59A490}.Release|x86.ActiveCfg = Release|Any CPU
		{8FD76CA1-F7B4-445D-A3C4-DC1BAF59A490}.Release|x86.Build.0 = Release|Any CPU
	EndGlobalSection
	GlobalSection(SolutionProperties) = preSolution
		HideSolutionNode = FALSE
	EndGlobalSection
	GlobalSection(NestedProjects) = preSolution
		{C3B51555-C0AF-4DA6-8D78-75B38F06B578} = {F07A6116-671E-4E48-85EB-8AF50F3157F5}
		{FA31781B-A187-485E-B693-B20894A24B3D} = {40C02336-96D7-4D92-9CBA-79570413DBA4}
		{F402A3FB-B4E6-4436-A37F-982FBB228DA3} = {40C02336-96D7-4D92-9CBA-79570413DBA4}
		{FBAEAFD5-5E3A-453D-AED0-6CA8F6BB1B26} = {40C02336-96D7-4D92-9CBA-79570413DBA4}
		{3AD110F4-2E28-4269-9449-2A45804523B5} = {40C02336-96D7-4D92-9CBA-79570413DBA4}
		{59375446-3279-4E4E-91D1-BAFA481D3CD5} = {40C02336-96D7-4D92-9CBA-79570413DBA4}
		{3CE5281A-739A-41A5-ACC0-74059B7535B7} = {40C02336-96D7-4D92-9CBA-79570413DBA4}
		{854680C9-3FD2-4D79-A19A-313786436118} = {40C02336-96D7-4D92-9CBA-79570413DBA4}
		{8FD76CA1-F7B4-445D-A3C4-DC1BAF59A490} = {40C02336-96D7-4D92-9CBA-79570413DBA4}
		{A7FA937C-9CD0-4601-A2FA-CBA2FDC1DA77} = {E4690B7D-5380-4003-99C3-2091827DB262}
	EndGlobalSection
	GlobalSection(ExtensibilityGlobals) = postSolution
		SolutionGuid = {7025A39E-11A6-4587-98F7-E887B941D5A0}
	EndGlobalSection
EndGlobal
